// !$*UTF8*$!
{
	archiveVersion = 1;
	classes = {
	};
	objectVersion = 46;
	objects = {

/* Begin PBXBuildFile section */
		7638974811234E8E8787BBB2 /* gem_color.cpp in Sources */ = {isa = PBXBuildFile; fileRef = 993AFB33D853496495E56566 /* gem_color.cpp */; };
/* End PBXBuildFile section */

/* Begin PBXFileReference section */
		5477468DF7E14B488CD7D454 /* gem_color */ = {isa = PBXFileReference; explicitFileType = "compiled.mach-o.executable"; path = gem_color; sourceTree = BUILT_PRODUCTS_DIR; };
		89A3EB17D0DE4FCAB5A13E3B /* CMakeLists.txt */ = {isa = PBXFileReference; explicitFileType = sourcecode.text; fileEncoding = 4; lastKnownFileType = text; path = CMakeLists.txt; sourceTree = SOURCE_ROOT; };
		993AFB33D853496495E56566 /* gem_color.cpp */ = {isa = PBXFileReference; explicitFileType = sourcecode.cpp.cpp; fileEncoding = 4; path = gem_color.cpp; sourceTree = SOURCE_ROOT; };
		BBD3F6D5F2F1407B98BB8413 /* CMakeLists.txt */ = {isa = PBXFileReference; explicitFileType = sourcecode.text; fileEncoding = 4; lastKnownFileType = text; path = CMakeLists.txt; sourceTree = SOURCE_ROOT; };
/* End PBXFileReference section */

/* Begin PBXFrameworksBuildPhase section */
		7D7FBBCB2C9444959C11BF47 /* Frameworks */ = {
			isa = PBXFrameworksBuildPhase;
			buildActionMask = 2147483647;
			files = (
			);
			runOnlyForDeploymentPostprocessing = 0;
		};
/* End PBXFrameworksBuildPhase section */

/* Begin PBXGroup section */
		0B22C5F80586449C9237A3A4 /* CMake Rules */ = {
			isa = PBXGroup;
			children = (
			);
			name = "CMake Rules";
			sourceTree = "<group>";
		};
		28162E82916D4B5A81743F2C /* Products */ = {
			isa = PBXGroup;
			children = (
				5477468DF7E14B488CD7D454 /* gem_color */,
			);
			name = Products;
			sourceTree = "<group>";
		};
		50DCB29DB26D4914A15227E0 /* Frameworks */ = {
			isa = PBXGroup;
			children = (
			);
			name = Frameworks;
			sourceTree = "<group>";
		};
		541C5BFB5A314F4CAA06917D /* gem_color */ = {
			isa = PBXGroup;
			children = (
				BDA1F2A9AEBA4516842C2DB5 /* Source Files */,
				BBD3F6D5F2F1407B98BB8413 /* CMakeLists.txt */,
			);
			name = gem_color;
			sourceTree = "<group>";
		};
		9A58196A659D4B1CB210C306 = {
			isa = PBXGroup;
			children = (
				541C5BFB5A314F4CAA06917D /* gem_color */,
				A4F3736D56E541B29D23AB57 /* ALL_BUILD */,
				28162E82916D4B5A81743F2C /* Products */,
				50DCB29DB26D4914A15227E0 /* Frameworks */,
			);
			sourceTree = "<group>";
		};
		A4F3736D56E541B29D23AB57 /* ALL_BUILD */ = {
			isa = PBXGroup;
			children = (
				0B22C5F80586449C9237A3A4 /* CMake Rules */,
				89A3EB17D0DE4FCAB5A13E3B /* CMakeLists.txt */,
			);
			name = ALL_BUILD;
			sourceTree = "<group>";
		};
		BDA1F2A9AEBA4516842C2DB5 /* Source Files */ = {
			isa = PBXGroup;
			children = (
				993AFB33D853496495E56566 /* gem_color.cpp */,
			);
			name = "Source Files";
			sourceTree = "<group>";
		};
/* End PBXGroup section */

/* Begin PBXNativeTarget section */
		3E6AF2C254EB4FCFA3F6C701 /* gem_color */ = {
			isa = PBXNativeTarget;
			buildConfigurationList = F5E5F6452F2140449AFEF52E /* Build configuration list for PBXNativeTarget "gem_color" */;
			buildPhases = (
				1C4ECC5F02294CF2A9FDE8AF /* Sources */,
				7D7FBBCB2C9444959C11BF47 /* Frameworks */,
			);
			buildRules = (
			);
			dependencies = (
			);
			name = gem_color;
			productName = gem_color;
			productReference = 5477468DF7E14B488CD7D454 /* gem_color */;
			productType = "com.apple.product-type.tool";
		};
/* End PBXNativeTarget section */

/* Begin PBXProject section */
		4A9D577A22164B75B1E02369 /* Project object */ = {
			isa = PBXProject;
			attributes = {
				LastUpgradeCheck = 1340;
			};
			buildConfigurationList = 8B6290C72A3E4178841EE909 /* Build configuration list for PBXProject "gem_color" */;
			compatibilityVersion = "Xcode 3.2";
			developmentRegion = en;
			hasScannedForEncodings = 0;
			knownRegions = (
				en,
				Base,
			);
			mainGroup = 9A58196A659D4B1CB210C306;
			projectDirPath = "";
			projectRoot = "";
			targets = (
				3E6AF2C254EB4FCFA3F6C701 /* gem_color */,
			);
		};
/* End PBXProject section */

/* Begin PBXSourcesBuildPhase section */
		1C4ECC5F02294CF2A9FDE8AF /* Sources */ = {
			isa = PBXSourcesBuildPhase;
			buildActionMask = 2147483647;
			files = (
				7638974811234E8E8787BBB2 /* gem_color.cpp in Sources */,
			);
			runOnlyForDeploymentPostprocessing = 0;
		};
/* End PBXSourcesBuildPhase section */

/* Begin XCBuildConfiguration section */
		52000F9E94E84993AA456298 /* Debug */ = {
			isa = XCBuildConfiguration;
			buildSettings = {
				ARCHS = arm64;
				SDKROOT = /Applications/Xcode.app/Contents/Developer/Platforms/MacOSX.platform/Developer/SDKs/MacOSX12.3.sdk;
				SYMROOT = "/Users/k21116kk/src/imageProc/imgProc_ensyu/第１４回/gem_color/build";
			};
			name = Debug;
		};
		7FF37211087C45368FD6297E /* MinSizeRel */ = {
			isa = XCBuildConfiguration;
			buildSettings = {
				ARCHS = arm64;
				COMBINE_HIDPI_IMAGES = YES;
				EXECUTABLE_PREFIX = "";
				EXECUTABLE_SUFFIX = "";
				GCC_GENERATE_DEBUGGING_SYMBOLS = NO;
				GCC_INLINES_ARE_PRIVATE_EXTERN = NO;
				GCC_OPTIMIZATION_LEVEL = s;
				GCC_PREPROCESSOR_DEFINITIONS = (
					"'CMAKE_INTDIR=\"$(CONFIGURATION)$(EFFECTIVE_PLATFORM_NAME)\"'",
					"$(inherited)",
				);
				GCC_SYMBOLS_PRIVATE_EXTERN = NO;
				INSTALL_PATH = "";
				LD_RUNPATH_SEARCH_PATHS = "/opt/homebrew/lib $(inherited)";
				ONLY_ACTIVE_ARCH = NO;
				OTHER_CPLUSPLUSFLAGS = (
					"-DNDEBUG",
					"'-std=gnu++11'",
				);
				OTHER_LDFLAGS = (
					"-Wl,-search_paths_first",
					"-Wl,-headerpad_max_install_names",
					/opt/homebrew/lib/libopencv_gapi.4.5.5.dylib,
					/opt/homebrew/lib/libopencv_stitching.4.5.5.dylib,
					/opt/homebrew/lib/libopencv_alphamat.4.5.5.dylib,
					/opt/homebrew/lib/libopencv_aruco.4.5.5.dylib,
					/opt/homebrew/lib/libopencv_barcode.4.5.5.dylib,
					/opt/homebrew/lib/libopencv_bgsegm.4.5.5.dylib,
					/opt/homebrew/lib/libopencv_bioinspired.4.5.5.dylib,
					/opt/homebrew/lib/libopencv_ccalib.4.5.5.dylib,
					/opt/homebrew/lib/libopencv_dnn_objdetect.4.5.5.dylib,
					/opt/homebrew/lib/libopencv_dnn_superres.4.5.5.dylib,
					/opt/homebrew/lib/libopencv_dpm.4.5.5.dylib,
					/opt/homebrew/lib/libopencv_face.4.5.5.dylib,
					/opt/homebrew/lib/libopencv_freetype.4.5.5.dylib,
					/opt/homebrew/lib/libopencv_fuzzy.4.5.5.dylib,
					/opt/homebrew/lib/libopencv_hfs.4.5.5.dylib,
					/opt/homebrew/lib/libopencv_img_hash.4.5.5.dylib,
					/opt/homebrew/lib/libopencv_intensity_transform.4.5.5.dylib,
					/opt/homebrew/lib/libopencv_line_descriptor.4.5.5.dylib,
					/opt/homebrew/lib/libopencv_mcc.4.5.5.dylib,
					/opt/homebrew/lib/libopencv_quality.4.5.5.dylib,
					/opt/homebrew/lib/libopencv_rapid.4.5.5.dylib,
					/opt/homebrew/lib/libopencv_reg.4.5.5.dylib,
					/opt/homebrew/lib/libopencv_rgbd.4.5.5.dylib,
					/opt/homebrew/lib/libopencv_saliency.4.5.5.dylib,
					/opt/homebrew/lib/libopencv_sfm.4.5.5.dylib,
					/opt/homebrew/lib/libopencv_stereo.4.5.5.dylib,
					/opt/homebrew/lib/libopencv_structured_light.4.5.5.dylib,
					/opt/homebrew/lib/libopencv_superres.4.5.5.dylib,
					/opt/homebrew/lib/libopencv_surface_matching.4.5.5.dylib,
					/opt/homebrew/lib/libopencv_tracking.4.5.5.dylib,
					/opt/homebrew/lib/libopencv_videostab.4.5.5.dylib,
					/opt/homebrew/lib/libopencv_viz.4.5.5.dylib,
					/opt/homebrew/lib/libopencv_wechat_qrcode.4.5.5.dylib,
					/opt/homebrew/lib/libopencv_xfeatures2d.4.5.5.dylib,
					/opt/homebrew/lib/libopencv_xobjdetect.4.5.5.dylib,
					/opt/homebrew/lib/libopencv_xphoto.4.5.5.dylib,
					/opt/homebrew/lib/libopencv_shape.4.5.5.dylib,
					/opt/homebrew/lib/libopencv_highgui.4.5.5.dylib,
					/opt/homebrew/lib/libopencv_datasets.4.5.5.dylib,
					/opt/homebrew/lib/libopencv_plot.4.5.5.dylib,
					/opt/homebrew/lib/libopencv_text.4.5.5.dylib,
					/opt/homebrew/lib/libopencv_ml.4.5.5.dylib,
					/opt/homebrew/lib/libopencv_phase_unwrapping.4.5.5.dylib,
					/opt/homebrew/lib/libopencv_optflow.4.5.5.dylib,
					/opt/homebrew/lib/libopencv_ximgproc.4.5.5.dylib,
					/opt/homebrew/lib/libopencv_video.4.5.5.dylib,
					/opt/homebrew/lib/libopencv_videoio.4.5.5.dylib,
					/opt/homebrew/lib/libopencv_imgcodecs.4.5.5.dylib,
					/opt/homebrew/lib/libopencv_objdetect.4.5.5.dylib,
					/opt/homebrew/lib/libopencv_calib3d.4.5.5.dylib,
					/opt/homebrew/lib/libopencv_dnn.4.5.5.dylib,
					/opt/homebrew/lib/libopencv_features2d.4.5.5.dylib,
					/opt/homebrew/lib/libopencv_flann.4.5.5.dylib,
					/opt/homebrew/lib/libopencv_photo.4.5.5.dylib,
					/opt/homebrew/lib/libopencv_imgproc.4.5.5.dylib,
					/opt/homebrew/lib/libopencv_core.4.5.5.dylib,
					"$(inherited)",
				);
				OTHER_REZFLAGS = "";
				PRODUCT_NAME = gem_color;
				SECTORDER_FLAGS = "";
				SYMROOT = "/Users/k21116kk/src/imageProc/imgProc_ensyu/第１４回/gem_color";
				SYSTEM_HEADER_SEARCH_PATHS = "/opt/homebrew/Cellar/opencv/4.5.5_1/include/opencv4 $(inherited)";
				USE_HEADERMAP = NO;
				WARNING_CFLAGS = "$(inherited)";
			};
			name = MinSizeRel;
		};
		83B624EE698B4E4B90BB8F0E /* MinSizeRel */ = {
			isa = XCBuildConfiguration;
			buildSettings = {
				ARCHS = arm64;
				SDKROOT = /Applications/Xcode.app/Contents/Developer/Platforms/MacOSX.platform/Developer/SDKs/MacOSX12.3.sdk;
				SYMROOT = "/Users/k21116kk/src/imageProc/imgProc_ensyu/第１４回/gem_color/build";
			};
			name = MinSizeRel;
		};
		83D7673F4C6D451A981D3572 /* Release */ = {
			isa = XCBuildConfiguration;
			buildSettings = {
				ARCHS = arm64;
				SDKROOT = /Applications/Xcode.app/Contents/Developer/Platforms/MacOSX.platform/Developer/SDKs/MacOSX12.3.sdk;
				SYMROOT = "/Users/k21116kk/src/imageProc/imgProc_ensyu/第１４回/gem_color/build";
			};
			name = Release;
		};
		9D9F2D039AD84B56A85096BA /* Debug */ = {
			isa = XCBuildConfiguration;
			buildSettings = {
				ARCHS = arm64;
				COMBINE_HIDPI_IMAGES = YES;
				EXECUTABLE_PREFIX = "";
				EXECUTABLE_SUFFIX = "";
				GCC_GENERATE_DEBUGGING_SYMBOLS = YES;
				GCC_INLINES_ARE_PRIVATE_EXTERN = NO;
				GCC_OPTIMIZATION_LEVEL = 0;
				GCC_PREPROCESSOR_DEFINITIONS = (
					"'CMAKE_INTDIR=\"$(CONFIGURATION)$(EFFECTIVE_PLATFORM_NAME)\"'",
					"$(inherited)",
				);
				GCC_SYMBOLS_PRIVATE_EXTERN = NO;
				INSTALL_PATH = "";
				LD_RUNPATH_SEARCH_PATHS = "/opt/homebrew/lib $(inherited)";
				ONLY_ACTIVE_ARCH = NO;
				OTHER_CPLUSPLUSFLAGS = "   '-std=gnu++11' ";
				OTHER_LDFLAGS = (
					"-Wl,-search_paths_first",
					"-Wl,-headerpad_max_install_names",
					/opt/homebrew/lib/libopencv_gapi.4.5.5.dylib,
					/opt/homebrew/lib/libopencv_stitching.4.5.5.dylib,
					/opt/homebrew/lib/libopencv_alphamat.4.5.5.dylib,
					/opt/homebrew/lib/libopencv_aruco.4.5.5.dylib,
					/opt/homebrew/lib/libopencv_barcode.4.5.5.dylib,
					/opt/homebrew/lib/libopencv_bgsegm.4.5.5.dylib,
					/opt/homebrew/lib/libopencv_bioinspired.4.5.5.dylib,
					/opt/homebrew/lib/libopencv_ccalib.4.5.5.dylib,
					/opt/homebrew/lib/libopencv_dnn_objdetect.4.5.5.dylib,
					/opt/homebrew/lib/libopencv_dnn_superres.4.5.5.dylib,
					/opt/homebrew/lib/libopencv_dpm.4.5.5.dylib,
					/opt/homebrew/lib/libopencv_face.4.5.5.dylib,
					/opt/homebrew/lib/libopencv_freetype.4.5.5.dylib,
					/opt/homebrew/lib/libopencv_fuzzy.4.5.5.dylib,
					/opt/homebrew/lib/libopencv_hfs.4.5.5.dylib,
					/opt/homebrew/lib/libopencv_img_hash.4.5.5.dylib,
					/opt/homebrew/lib/libopencv_intensity_transform.4.5.5.dylib,
					/opt/homebrew/lib/libopencv_line_descriptor.4.5.5.dylib,
					/opt/homebrew/lib/libopencv_mcc.4.5.5.dylib,
					/opt/homebrew/lib/libopencv_quality.4.5.5.dylib,
					/opt/homebrew/lib/libopencv_rapid.4.5.5.dylib,
					/opt/homebrew/lib/libopencv_reg.4.5.5.dylib,
					/opt/homebrew/lib/libopencv_rgbd.4.5.5.dylib,
					/opt/homebrew/lib/libopencv_saliency.4.5.5.dylib,
					/opt/homebrew/lib/libopencv_sfm.4.5.5.dylib,
					/opt/homebrew/lib/libopencv_stereo.4.5.5.dylib,
					/opt/homebrew/lib/libopencv_structured_light.4.5.5.dylib,
					/opt/homebrew/lib/libopencv_superres.4.5.5.dylib,
					/opt/homebrew/lib/libopencv_surface_matching.4.5.5.dylib,
					/opt/homebrew/lib/libopencv_tracking.4.5.5.dylib,
					/opt/homebrew/lib/libopencv_videostab.4.5.5.dylib,
					/opt/homebrew/lib/libopencv_viz.4.5.5.dylib,
					/opt/homebrew/lib/libopencv_wechat_qrcode.4.5.5.dylib,
					/opt/homebrew/lib/libopencv_xfeatures2d.4.5.5.dylib,
					/opt/homebrew/lib/libopencv_xobjdetect.4.5.5.dylib,
					/opt/homebrew/lib/libopencv_xphoto.4.5.5.dylib,
					/opt/homebrew/lib/libopencv_shape.4.5.5.dylib,
					/opt/homebrew/lib/libopencv_highgui.4.5.5.dylib,
					/opt/homebrew/lib/libopencv_datasets.4.5.5.dylib,
					/opt/homebrew/lib/libopencv_plot.4.5.5.dylib,
					/opt/homebrew/lib/libopencv_text.4.5.5.dylib,
					/opt/homebrew/lib/libopencv_ml.4.5.5.dylib,
					/opt/homebrew/lib/libopencv_phase_unwrapping.4.5.5.dylib,
					/opt/homebrew/lib/libopencv_optflow.4.5.5.dylib,
					/opt/homebrew/lib/libopencv_ximgproc.4.5.5.dylib,
					/opt/homebrew/lib/libopencv_video.4.5.5.dylib,
					/opt/homebrew/lib/libopencv_videoio.4.5.5.dylib,
					/opt/homebrew/lib/libopencv_imgcodecs.4.5.5.dylib,
					/opt/homebrew/lib/libopencv_objdetect.4.5.5.dylib,
					/opt/homebrew/lib/libopencv_calib3d.4.5.5.dylib,
					/opt/homebrew/lib/libopencv_dnn.4.5.5.dylib,
					/opt/homebrew/lib/libopencv_features2d.4.5.5.dylib,
					/opt/homebrew/lib/libopencv_flann.4.5.5.dylib,
					/opt/homebrew/lib/libopencv_photo.4.5.5.dylib,
					/opt/homebrew/lib/libopencv_imgproc.4.5.5.dylib,
					/opt/homebrew/lib/libopencv_core.4.5.5.dylib,
					"$(inherited)",
				);
				OTHER_REZFLAGS = "";
				PRODUCT_NAME = gem_color;
				SECTORDER_FLAGS = "";
				SYMROOT = "/Users/k21116kk/src/imageProc/imgProc_ensyu/第１４回/gem_color";
				SYSTEM_HEADER_SEARCH_PATHS = "/opt/homebrew/Cellar/opencv/4.5.5_1/include/opencv4 $(inherited)";
				USE_HEADERMAP = NO;
				WARNING_CFLAGS = "$(inherited)";
			};
			name = Debug;
		};
		ABA4D84E0EA24D599DBE82E2 /* RelWithDebInfo */ = {
			isa = XCBuildConfiguration;
			buildSettings = {
				ARCHS = arm64;
				SDKROOT = /Applications/Xcode.app/Contents/Developer/Platforms/MacOSX.platform/Developer/SDKs/MacOSX12.3.sdk;
				SYMROOT = "/Users/k21116kk/src/imageProc/imgProc_ensyu/第１４回/gem_color/build";
			};
			name = RelWithDebInfo;
		};
		EB4DACBFC9BB4C94AEF518FE /* Release */ = {
			isa = XCBuildConfiguration;
			buildSettings = {
				ARCHS = arm64;
				COMBINE_HIDPI_IMAGES = YES;
				EXECUTABLE_PREFIX = "";
				EXECUTABLE_SUFFIX = "";
				GCC_GENERATE_DEBUGGING_SYMBOLS = NO;
				GCC_INLINES_ARE_PRIVATE_EXTERN = NO;
				GCC_OPTIMIZATION_LEVEL = 3;
				GCC_PREPROCESSOR_DEFINITIONS = (
					"'CMAKE_INTDIR=\"$(CONFIGURATION)$(EFFECTIVE_PLATFORM_NAME)\"'",
					"$(inherited)",
				);
				GCC_SYMBOLS_PRIVATE_EXTERN = NO;
				INSTALL_PATH = "";
				LD_RUNPATH_SEARCH_PATHS = "/opt/homebrew/lib $(inherited)";
				ONLY_ACTIVE_ARCH = NO;
				OTHER_CPLUSPLUSFLAGS = (
					"-DNDEBUG",
					"'-std=gnu++11'",
				);
				OTHER_LDFLAGS = (
					"-Wl,-search_paths_first",
					"-Wl,-headerpad_max_install_names",
					/opt/homebrew/lib/libopencv_gapi.4.5.5.dylib,
					/opt/homebrew/lib/libopencv_stitching.4.5.5.dylib,
					/opt/homebrew/lib/libopencv_alphamat.4.5.5.dylib,
					/opt/homebrew/lib/libopencv_aruco.4.5.5.dylib,
					/opt/homebrew/lib/libopencv_barcode.4.5.5.dylib,
					/opt/homebrew/lib/libopencv_bgsegm.4.5.5.dylib,
					/opt/homebrew/lib/libopencv_bioinspired.4.5.5.dylib,
					/opt/homebrew/lib/libopencv_ccalib.4.5.5.dylib,
					/opt/homebrew/lib/libopencv_dnn_objdetect.4.5.5.dylib,
					/opt/homebrew/lib/libopencv_dnn_superres.4.5.5.dylib,
					/opt/homebrew/lib/libopencv_dpm.4.5.5.dylib,
					/opt/homebrew/lib/libopencv_face.4.5.5.dylib,
					/opt/homebrew/lib/libopencv_freetype.4.5.5.dylib,
					/opt/homebrew/lib/libopencv_fuzzy.4.5.5.dylib,
					/opt/homebrew/lib/libopencv_hfs.4.5.5.dylib,
					/opt/homebrew/lib/libopencv_img_hash.4.5.5.dylib,
					/opt/homebrew/lib/libopencv_intensity_transform.4.5.5.dylib,
					/opt/homebrew/lib/libopencv_line_descriptor.4.5.5.dylib,
					/opt/homebrew/lib/libopencv_mcc.4.5.5.dylib,
					/opt/homebrew/lib/libopencv_quality.4.5.5.dylib,
					/opt/homebrew/lib/libopencv_rapid.4.5.5.dylib,
					/opt/homebrew/lib/libopencv_reg.4.5.5.dylib,
					/opt/homebrew/lib/libopencv_rgbd.4.5.5.dylib,
					/opt/homebrew/lib/libopencv_saliency.4.5.5.dylib,
					/opt/homebrew/lib/libopencv_sfm.4.5.5.dylib,
					/opt/homebrew/lib/libopencv_stereo.4.5.5.dylib,
					/opt/homebrew/lib/libopencv_structured_light.4.5.5.dylib,
					/opt/homebrew/lib/libopencv_superres.4.5.5.dylib,
					/opt/homebrew/lib/libopencv_surface_matching.4.5.5.dylib,
					/opt/homebrew/lib/libopencv_tracking.4.5.5.dylib,
					/opt/homebrew/lib/libopencv_videostab.4.5.5.dylib,
					/opt/homebrew/lib/libopencv_viz.4.5.5.dylib,
					/opt/homebrew/lib/libopencv_wechat_qrcode.4.5.5.dylib,
					/opt/homebrew/lib/libopencv_xfeatures2d.4.5.5.dylib,
					/opt/homebrew/lib/libopencv_xobjdetect.4.5.5.dylib,
					/opt/homebrew/lib/libopencv_xphoto.4.5.5.dylib,
					/opt/homebrew/lib/libopencv_shape.4.5.5.dylib,
					/opt/homebrew/lib/libopencv_highgui.4.5.5.dylib,
					/opt/homebrew/lib/libopencv_datasets.4.5.5.dylib,
					/opt/homebrew/lib/libopencv_plot.4.5.5.dylib,
					/opt/homebrew/lib/libopencv_text.4.5.5.dylib,
					/opt/homebrew/lib/libopencv_ml.4.5.5.dylib,
					/opt/homebrew/lib/libopencv_phase_unwrapping.4.5.5.dylib,
					/opt/homebrew/lib/libopencv_optflow.4.5.5.dylib,
					/opt/homebrew/lib/libopencv_ximgproc.4.5.5.dylib,
					/opt/homebrew/lib/libopencv_video.4.5.5.dylib,
					/opt/homebrew/lib/libopencv_videoio.4.5.5.dylib,
					/opt/homebrew/lib/libopencv_imgcodecs.4.5.5.dylib,
					/opt/homebrew/lib/libopencv_objdetect.4.5.5.dylib,
					/opt/homebrew/lib/libopencv_calib3d.4.5.5.dylib,
					/opt/homebrew/lib/libopencv_dnn.4.5.5.dylib,
					/opt/homebrew/lib/libopencv_features2d.4.5.5.dylib,
					/opt/homebrew/lib/libopencv_flann.4.5.5.dylib,
					/opt/homebrew/lib/libopencv_photo.4.5.5.dylib,
					/opt/homebrew/lib/libopencv_imgproc.4.5.5.dylib,
					/opt/homebrew/lib/libopencv_core.4.5.5.dylib,
					"$(inherited)",
				);
				OTHER_REZFLAGS = "";
				PRODUCT_NAME = gem_color;
				SECTORDER_FLAGS = "";
				SYMROOT = "/Users/k21116kk/src/imageProc/imgProc_ensyu/第１４回/gem_color";
				SYSTEM_HEADER_SEARCH_PATHS = "/opt/homebrew/Cellar/opencv/4.5.5_1/include/opencv4 $(inherited)";
				USE_HEADERMAP = NO;
				WARNING_CFLAGS = "$(inherited)";
			};
			name = Release;
		};
		FE791A8BE90D47A486B0582E /* RelWithDebInfo */ = {
			isa = XCBuildConfiguration;
			buildSettings = {
				ARCHS = arm64;
				COMBINE_HIDPI_IMAGES = YES;
				EXECUTABLE_PREFIX = "";
				EXECUTABLE_SUFFIX = "";
				GCC_GENERATE_DEBUGGING_SYMBOLS = YES;
				GCC_INLINES_ARE_PRIVATE_EXTERN = NO;
				GCC_OPTIMIZATION_LEVEL = 2;
				GCC_PREPROCESSOR_DEFINITIONS = (
					"'CMAKE_INTDIR=\"$(CONFIGURATION)$(EFFECTIVE_PLATFORM_NAME)\"'",
					"$(inherited)",
				);
				GCC_SYMBOLS_PRIVATE_EXTERN = NO;
				INSTALL_PATH = "";
				LD_RUNPATH_SEARCH_PATHS = "/opt/homebrew/lib $(inherited)";
				ONLY_ACTIVE_ARCH = NO;
				OTHER_CPLUSPLUSFLAGS = (
					"-DNDEBUG",
					"'-std=gnu++11'",
				);
				OTHER_LDFLAGS = (
					"-Wl,-search_paths_first",
					"-Wl,-headerpad_max_install_names",
					/opt/homebrew/lib/libopencv_gapi.4.5.5.dylib,
					/opt/homebrew/lib/libopencv_stitching.4.5.5.dylib,
					/opt/homebrew/lib/libopencv_alphamat.4.5.5.dylib,
					/opt/homebrew/lib/libopencv_aruco.4.5.5.dylib,
					/opt/homebrew/lib/libopencv_barcode.4.5.5.dylib,
					/opt/homebrew/lib/libopencv_bgsegm.4.5.5.dylib,
					/opt/homebrew/lib/libopencv_bioinspired.4.5.5.dylib,
					/opt/homebrew/lib/libopencv_ccalib.4.5.5.dylib,
					/opt/homebrew/lib/libopencv_dnn_objdetect.4.5.5.dylib,
					/opt/homebrew/lib/libopencv_dnn_superres.4.5.5.dylib,
					/opt/homebrew/lib/libopencv_dpm.4.5.5.dylib,
					/opt/homebrew/lib/libopencv_face.4.5.5.dylib,
					/opt/homebrew/lib/libopencv_freetype.4.5.5.dylib,
					/opt/homebrew/lib/libopencv_fuzzy.4.5.5.dylib,
					/opt/homebrew/lib/libopencv_hfs.4.5.5.dylib,
					/opt/homebrew/lib/libopencv_img_hash.4.5.5.dylib,
					/opt/homebrew/lib/libopencv_intensity_transform.4.5.5.dylib,
					/opt/homebrew/lib/libopencv_line_descriptor.4.5.5.dylib,
					/opt/homebrew/lib/libopencv_mcc.4.5.5.dylib,
					/opt/homebrew/lib/libopencv_quality.4.5.5.dylib,
					/opt/homebrew/lib/libopencv_rapid.4.5.5.dylib,
					/opt/homebrew/lib/libopencv_reg.4.5.5.dylib,
					/opt/homebrew/lib/libopencv_rgbd.4.5.5.dylib,
					/opt/homebrew/lib/libopencv_saliency.4.5.5.dylib,
					/opt/homebrew/lib/libopencv_sfm.4.5.5.dylib,
					/opt/homebrew/lib/libopencv_stereo.4.5.5.dylib,
					/opt/homebrew/lib/libopencv_structured_light.4.5.5.dylib,
					/opt/homebrew/lib/libopencv_superres.4.5.5.dylib,
					/opt/homebrew/lib/libopencv_surface_matching.4.5.5.dylib,
					/opt/homebrew/lib/libopencv_tracking.4.5.5.dylib,
					/opt/homebrew/lib/libopencv_videostab.4.5.5.dylib,
					/opt/homebrew/lib/libopencv_viz.4.5.5.dylib,
					/opt/homebrew/lib/libopencv_wechat_qrcode.4.5.5.dylib,
					/opt/homebrew/lib/libopencv_xfeatures2d.4.5.5.dylib,
					/opt/homebrew/lib/libopencv_xobjdetect.4.5.5.dylib,
					/opt/homebrew/lib/libopencv_xphoto.4.5.5.dylib,
					/opt/homebrew/lib/libopencv_shape.4.5.5.dylib,
					/opt/homebrew/lib/libopencv_highgui.4.5.5.dylib,
					/opt/homebrew/lib/libopencv_datasets.4.5.5.dylib,
					/opt/homebrew/lib/libopencv_plot.4.5.5.dylib,
					/opt/homebrew/lib/libopencv_text.4.5.5.dylib,
					/opt/homebrew/lib/libopencv_ml.4.5.5.dylib,
					/opt/homebrew/lib/libopencv_phase_unwrapping.4.5.5.dylib,
					/opt/homebrew/lib/libopencv_optflow.4.5.5.dylib,
					/opt/homebrew/lib/libopencv_ximgproc.4.5.5.dylib,
					/opt/homebrew/lib/libopencv_video.4.5.5.dylib,
					/opt/homebrew/lib/libopencv_videoio.4.5.5.dylib,
					/opt/homebrew/lib/libopencv_imgcodecs.4.5.5.dylib,
					/opt/homebrew/lib/libopencv_objdetect.4.5.5.dylib,
					/opt/homebrew/lib/libopencv_calib3d.4.5.5.dylib,
					/opt/homebrew/lib/libopencv_dnn.4.5.5.dylib,
					/opt/homebrew/lib/libopencv_features2d.4.5.5.dylib,
					/opt/homebrew/lib/libopencv_flann.4.5.5.dylib,
					/opt/homebrew/lib/libopencv_photo.4.5.5.dylib,
					/opt/homebrew/lib/libopencv_imgproc.4.5.5.dylib,
					/opt/homebrew/lib/libopencv_core.4.5.5.dylib,
					"$(inherited)",
				);
				OTHER_REZFLAGS = "";
				PRODUCT_NAME = gem_color;
				SECTORDER_FLAGS = "";
				SYMROOT = "/Users/k21116kk/src/imageProc/imgProc_ensyu/第１４回/gem_color";
				SYSTEM_HEADER_SEARCH_PATHS = "/opt/homebrew/Cellar/opencv/4.5.5_1/include/opencv4 $(inherited)";
				USE_HEADERMAP = NO;
				WARNING_CFLAGS = "$(inherited)";
			};
			name = RelWithDebInfo;
		};
/* End XCBuildConfiguration section */

/* Begin XCConfigurationList section */
		8B6290C72A3E4178841EE909 /* Build configuration list for PBXProject "gem_color" */ = {
			isa = XCConfigurationList;
			buildConfigurations = (
				52000F9E94E84993AA456298 /* Debug */,
				83D7673F4C6D451A981D3572 /* Release */,
				83B624EE698B4E4B90BB8F0E /* MinSizeRel */,
				ABA4D84E0EA24D599DBE82E2 /* RelWithDebInfo */,
			);
			defaultConfigurationIsVisible = 0;
			defaultConfigurationName = Debug;
		};
		F5E5F6452F2140449AFEF52E /* Build configuration list for PBXNativeTarget "gem_color" */ = {
			isa = XCConfigurationList;
			buildConfigurations = (
				9D9F2D039AD84B56A85096BA /* Debug */,
				EB4DACBFC9BB4C94AEF518FE /* Release */,
				7FF37211087C45368FD6297E /* MinSizeRel */,
				FE791A8BE90D47A486B0582E /* RelWithDebInfo */,
			);
			defaultConfigurationIsVisible = 0;
			defaultConfigurationName = Debug;
		};
/* End XCConfigurationList section */
	};
	rootObject = 4A9D577A22164B75B1E02369 /* Project object */;
}
