// !$*UTF8*$!
{
	archiveVersion = 1;
	classes = {
	};
	objectVersion = 46;
	objects = {

/* Begin PBXBuildFile section */
		E6A0615E34A5425683B37B62 /* final3_src_k21116.cpp in Sources */ = {isa = PBXBuildFile; fileRef = 1818FCAA01BC451597923BDB /* final3_src_k21116.cpp */; };
/* End PBXBuildFile section */

/* Begin PBXFileReference section */
		1818FCAA01BC451597923BDB /* final3_src_k21116.cpp */ = {isa = PBXFileReference; explicitFileType = sourcecode.cpp.cpp; fileEncoding = 4; path = final3_src_k21116.cpp; sourceTree = SOURCE_ROOT; };
		4AE308748CE749BBA7A2D48F /* final3_src_k21116 */ = {isa = PBXFileReference; explicitFileType = "compiled.mach-o.executable"; path = final3_src_k21116; sourceTree = BUILT_PRODUCTS_DIR; };
		4CE95C75077D43B6A2453D8E /* CMakeLists.txt */ = {isa = PBXFileReference; explicitFileType = sourcecode.text; fileEncoding = 4; lastKnownFileType = text; path = CMakeLists.txt; sourceTree = SOURCE_ROOT; };
		BB9CA1AB8BC04D78B023AAD8 /* CMakeLists.txt */ = {isa = PBXFileReference; explicitFileType = sourcecode.text; fileEncoding = 4; lastKnownFileType = text; path = CMakeLists.txt; sourceTree = SOURCE_ROOT; };
/* End PBXFileReference section */

/* Begin PBXFrameworksBuildPhase section */
		EF0D77C4EA4B46B88726A019 /* Frameworks */ = {
			isa = PBXFrameworksBuildPhase;
			buildActionMask = 2147483647;
			files = (
			);
			runOnlyForDeploymentPostprocessing = 0;
		};
/* End PBXFrameworksBuildPhase section */

/* Begin PBXGroup section */
		62DD8547F027428FB87B7FBA /* Products */ = {
			isa = PBXGroup;
			children = (
				4AE308748CE749BBA7A2D48F /* final3_src_k21116 */,
			);
			name = Products;
			sourceTree = "<group>";
		};
		67627041CD9A4B88B43476BE /* CMake Rules */ = {
			isa = PBXGroup;
			children = (
			);
			name = "CMake Rules";
			sourceTree = "<group>";
		};
		960DABF01D804D35B40A0547 /* final3_src_k21116 */ = {
			isa = PBXGroup;
			children = (
				A0A5FC63EF6C4909AF6B7E97 /* Source Files */,
				BB9CA1AB8BC04D78B023AAD8 /* CMakeLists.txt */,
			);
			name = final3_src_k21116;
			sourceTree = "<group>";
		};
		A0A5FC63EF6C4909AF6B7E97 /* Source Files */ = {
			isa = PBXGroup;
			children = (
				1818FCAA01BC451597923BDB /* final3_src_k21116.cpp */,
			);
			name = "Source Files";
			sourceTree = "<group>";
		};
		A8FDC3C078DF46FF9082242F /* Frameworks */ = {
			isa = PBXGroup;
			children = (
			);
			name = Frameworks;
			sourceTree = "<group>";
		};
		E3E4F4FCFCE44A69A87A5461 = {
			isa = PBXGroup;
			children = (
				960DABF01D804D35B40A0547 /* final3_src_k21116 */,
				F27BF62A8AAD4F20B7A4AC47 /* ALL_BUILD */,
				62DD8547F027428FB87B7FBA /* Products */,
				A8FDC3C078DF46FF9082242F /* Frameworks */,
			);
			sourceTree = "<group>";
		};
		F27BF62A8AAD4F20B7A4AC47 /* ALL_BUILD */ = {
			isa = PBXGroup;
			children = (
				67627041CD9A4B88B43476BE /* CMake Rules */,
				4CE95C75077D43B6A2453D8E /* CMakeLists.txt */,
			);
			name = ALL_BUILD;
			sourceTree = "<group>";
		};
/* End PBXGroup section */

/* Begin PBXNativeTarget section */
		0646523275EC4081B23A3F84 /* final3_src_k21116 */ = {
			isa = PBXNativeTarget;
			buildConfigurationList = 9828963A8B9847C388E41EFB /* Build configuration list for PBXNativeTarget "final3_src_k21116" */;
			buildPhases = (
				A23B0DCB3CF74E5E93E7B315 /* Sources */,
				EF0D77C4EA4B46B88726A019 /* Frameworks */,
			);
			buildRules = (
			);
			dependencies = (
			);
			name = final3_src_k21116;
			productName = final3_src_k21116;
			productReference = 4AE308748CE749BBA7A2D48F /* final3_src_k21116 */;
			productType = "com.apple.product-type.tool";
		};
/* End PBXNativeTarget section */

/* Begin PBXProject section */
		2E19813A7DEF4D4085E6C09F /* Project object */ = {
			isa = PBXProject;
			attributes = {
				LastUpgradeCheck = 1340;
			};
			buildConfigurationList = 7682E71275CB4A0995F3E4C8 /* Build configuration list for PBXProject "final3_src_k21116" */;
			compatibilityVersion = "Xcode 3.2";
			developmentRegion = en;
			hasScannedForEncodings = 0;
			knownRegions = (
				en,
				Base,
			);
			mainGroup = E3E4F4FCFCE44A69A87A5461;
			projectDirPath = "";
			projectRoot = "";
			targets = (
				0646523275EC4081B23A3F84 /* final3_src_k21116 */,
			);
		};
/* End PBXProject section */

/* Begin PBXSourcesBuildPhase section */
		A23B0DCB3CF74E5E93E7B315 /* Sources */ = {
			isa = PBXSourcesBuildPhase;
			buildActionMask = 2147483647;
			files = (
				E6A0615E34A5425683B37B62 /* final3_src_k21116.cpp in Sources */,
			);
			runOnlyForDeploymentPostprocessing = 0;
		};
/* End PBXSourcesBuildPhase section */

/* Begin XCBuildConfiguration section */
		115877CD31A84AF0A902E254 /* Release */ = {
			isa = XCBuildConfiguration;
			buildSettings = {
				ARCHS = arm64;
				SDKROOT = /Applications/Xcode.app/Contents/Developer/Platforms/MacOSX.platform/Developer/SDKs/MacOSX12.3.sdk;
				SYMROOT = /Users/k21116kk/src/imageProc/imgProc_last/final3_src_k21116/build;
			};
			name = Release;
		};
		19C4F1183BFB408C9D91D562 /* MinSizeRel */ = {
			isa = XCBuildConfiguration;
			buildSettings = {
				ARCHS = arm64;
				COMBINE_HIDPI_IMAGES = YES;
				EXECUTABLE_PREFIX = "";
				EXECUTABLE_SUFFIX = "";
				GCC_GENERATE_DEBUGGING_SYMBOLS = NO;
				GCC_INLINES_ARE_PRIVATE_EXTERN = NO;
				GCC_OPTIMIZATION_LEVEL = s;
				GCC_PREPROCESSOR_DEFINITIONS = (
					"'CMAKE_INTDIR=\"$(CONFIGURATION)$(EFFECTIVE_PLATFORM_NAME)\"'",
					"$(inherited)",
				);
				GCC_SYMBOLS_PRIVATE_EXTERN = NO;
				INSTALL_PATH = "";
				LD_RUNPATH_SEARCH_PATHS = "/opt/homebrew/lib $(inherited)";
				ONLY_ACTIVE_ARCH = NO;
				OTHER_CPLUSPLUSFLAGS = (
					"-DNDEBUG",
					"'-std=gnu++11'",
				);
				OTHER_LDFLAGS = (
					"-Wl,-search_paths_first",
					"-Wl,-headerpad_max_install_names",
					/opt/homebrew/lib/libopencv_gapi.4.5.5.dylib,
					/opt/homebrew/lib/libopencv_stitching.4.5.5.dylib,
					/opt/homebrew/lib/libopencv_alphamat.4.5.5.dylib,
					/opt/homebrew/lib/libopencv_aruco.4.5.5.dylib,
					/opt/homebrew/lib/libopencv_barcode.4.5.5.dylib,
					/opt/homebrew/lib/libopencv_bgsegm.4.5.5.dylib,
					/opt/homebrew/lib/libopencv_bioinspired.4.5.5.dylib,
					/opt/homebrew/lib/libopencv_ccalib.4.5.5.dylib,
					/opt/homebrew/lib/libopencv_dnn_objdetect.4.5.5.dylib,
					/opt/homebrew/lib/libopencv_dnn_superres.4.5.5.dylib,
					/opt/homebrew/lib/libopencv_dpm.4.5.5.dylib,
					/opt/homebrew/lib/libopencv_face.4.5.5.dylib,
					/opt/homebrew/lib/libopencv_freetype.4.5.5.dylib,
					/opt/homebrew/lib/libopencv_fuzzy.4.5.5.dylib,
					/opt/homebrew/lib/libopencv_hfs.4.5.5.dylib,
					/opt/homebrew/lib/libopencv_img_hash.4.5.5.dylib,
					/opt/homebrew/lib/libopencv_intensity_transform.4.5.5.dylib,
					/opt/homebrew/lib/libopencv_line_descriptor.4.5.5.dylib,
					/opt/homebrew/lib/libopencv_mcc.4.5.5.dylib,
					/opt/homebrew/lib/libopencv_quality.4.5.5.dylib,
					/opt/homebrew/lib/libopencv_rapid.4.5.5.dylib,
					/opt/homebrew/lib/libopencv_reg.4.5.5.dylib,
					/opt/homebrew/lib/libopencv_rgbd.4.5.5.dylib,
					/opt/homebrew/lib/libopencv_saliency.4.5.5.dylib,
					/opt/homebrew/lib/libopencv_sfm.4.5.5.dylib,
					/opt/homebrew/lib/libopencv_stereo.4.5.5.dylib,
					/opt/homebrew/lib/libopencv_structured_light.4.5.5.dylib,
					/opt/homebrew/lib/libopencv_superres.4.5.5.dylib,
					/opt/homebrew/lib/libopencv_surface_matching.4.5.5.dylib,
					/opt/homebrew/lib/libopencv_tracking.4.5.5.dylib,
					/opt/homebrew/lib/libopencv_videostab.4.5.5.dylib,
					/opt/homebrew/lib/libopencv_viz.4.5.5.dylib,
					/opt/homebrew/lib/libopencv_wechat_qrcode.4.5.5.dylib,
					/opt/homebrew/lib/libopencv_xfeatures2d.4.5.5.dylib,
					/opt/homebrew/lib/libopencv_xobjdetect.4.5.5.dylib,
					/opt/homebrew/lib/libopencv_xphoto.4.5.5.dylib,
					/opt/homebrew/lib/libopencv_shape.4.5.5.dylib,
					/opt/homebrew/lib/libopencv_highgui.4.5.5.dylib,
					/opt/homebrew/lib/libopencv_datasets.4.5.5.dylib,
					/opt/homebrew/lib/libopencv_plot.4.5.5.dylib,
					/opt/homebrew/lib/libopencv_text.4.5.5.dylib,
					/opt/homebrew/lib/libopencv_ml.4.5.5.dylib,
					/opt/homebrew/lib/libopencv_phase_unwrapping.4.5.5.dylib,
					/opt/homebrew/lib/libopencv_optflow.4.5.5.dylib,
					/opt/homebrew/lib/libopencv_ximgproc.4.5.5.dylib,
					/opt/homebrew/lib/libopencv_video.4.5.5.dylib,
					/opt/homebrew/lib/libopencv_videoio.4.5.5.dylib,
					/opt/homebrew/lib/libopencv_imgcodecs.4.5.5.dylib,
					/opt/homebrew/lib/libopencv_objdetect.4.5.5.dylib,
					/opt/homebrew/lib/libopencv_calib3d.4.5.5.dylib,
					/opt/homebrew/lib/libopencv_dnn.4.5.5.dylib,
					/opt/homebrew/lib/libopencv_features2d.4.5.5.dylib,
					/opt/homebrew/lib/libopencv_flann.4.5.5.dylib,
					/opt/homebrew/lib/libopencv_photo.4.5.5.dylib,
					/opt/homebrew/lib/libopencv_imgproc.4.5.5.dylib,
					/opt/homebrew/lib/libopencv_core.4.5.5.dylib,
					"$(inherited)",
				);
				OTHER_REZFLAGS = "";
				PRODUCT_NAME = final3_src_k21116;
				SECTORDER_FLAGS = "";
				SYMROOT = /Users/k21116kk/src/imageProc/imgProc_last/final3_src_k21116;
				SYSTEM_HEADER_SEARCH_PATHS = "/opt/homebrew/Cellar/opencv/4.5.5_1/include/opencv4 $(inherited)";
				USE_HEADERMAP = NO;
				WARNING_CFLAGS = "$(inherited)";
			};
			name = MinSizeRel;
		};
		1F76125A053C4D8F98A35C50 /* MinSizeRel */ = {
			isa = XCBuildConfiguration;
			buildSettings = {
				ARCHS = arm64;
				SDKROOT = /Applications/Xcode.app/Contents/Developer/Platforms/MacOSX.platform/Developer/SDKs/MacOSX12.3.sdk;
				SYMROOT = /Users/k21116kk/src/imageProc/imgProc_last/final3_src_k21116/build;
			};
			name = MinSizeRel;
		};
		246C4BB5AFE54ED2A36C73B5 /* RelWithDebInfo */ = {
			isa = XCBuildConfiguration;
			buildSettings = {
				ARCHS = arm64;
				SDKROOT = /Applications/Xcode.app/Contents/Developer/Platforms/MacOSX.platform/Developer/SDKs/MacOSX12.3.sdk;
				SYMROOT = /Users/k21116kk/src/imageProc/imgProc_last/final3_src_k21116/build;
			};
			name = RelWithDebInfo;
		};
		27247B26D5BA48DA9F1D39F9 /* RelWithDebInfo */ = {
			isa = XCBuildConfiguration;
			buildSettings = {
				ARCHS = arm64;
				COMBINE_HIDPI_IMAGES = YES;
				EXECUTABLE_PREFIX = "";
				EXECUTABLE_SUFFIX = "";
				GCC_GENERATE_DEBUGGING_SYMBOLS = YES;
				GCC_INLINES_ARE_PRIVATE_EXTERN = NO;
				GCC_OPTIMIZATION_LEVEL = 2;
				GCC_PREPROCESSOR_DEFINITIONS = (
					"'CMAKE_INTDIR=\"$(CONFIGURATION)$(EFFECTIVE_PLATFORM_NAME)\"'",
					"$(inherited)",
				);
				GCC_SYMBOLS_PRIVATE_EXTERN = NO;
				INSTALL_PATH = "";
				LD_RUNPATH_SEARCH_PATHS = "/opt/homebrew/lib $(inherited)";
				ONLY_ACTIVE_ARCH = NO;
				OTHER_CPLUSPLUSFLAGS = (
					"-DNDEBUG",
					"'-std=gnu++11'",
				);
				OTHER_LDFLAGS = (
					"-Wl,-search_paths_first",
					"-Wl,-headerpad_max_install_names",
					/opt/homebrew/lib/libopencv_gapi.4.5.5.dylib,
					/opt/homebrew/lib/libopencv_stitching.4.5.5.dylib,
					/opt/homebrew/lib/libopencv_alphamat.4.5.5.dylib,
					/opt/homebrew/lib/libopencv_aruco.4.5.5.dylib,
					/opt/homebrew/lib/libopencv_barcode.4.5.5.dylib,
					/opt/homebrew/lib/libopencv_bgsegm.4.5.5.dylib,
					/opt/homebrew/lib/libopencv_bioinspired.4.5.5.dylib,
					/opt/homebrew/lib/libopencv_ccalib.4.5.5.dylib,
					/opt/homebrew/lib/libopencv_dnn_objdetect.4.5.5.dylib,
					/opt/homebrew/lib/libopencv_dnn_superres.4.5.5.dylib,
					/opt/homebrew/lib/libopencv_dpm.4.5.5.dylib,
					/opt/homebrew/lib/libopencv_face.4.5.5.dylib,
					/opt/homebrew/lib/libopencv_freetype.4.5.5.dylib,
					/opt/homebrew/lib/libopencv_fuzzy.4.5.5.dylib,
					/opt/homebrew/lib/libopencv_hfs.4.5.5.dylib,
					/opt/homebrew/lib/libopencv_img_hash.4.5.5.dylib,
					/opt/homebrew/lib/libopencv_intensity_transform.4.5.5.dylib,
					/opt/homebrew/lib/libopencv_line_descriptor.4.5.5.dylib,
					/opt/homebrew/lib/libopencv_mcc.4.5.5.dylib,
					/opt/homebrew/lib/libopencv_quality.4.5.5.dylib,
					/opt/homebrew/lib/libopencv_rapid.4.5.5.dylib,
					/opt/homebrew/lib/libopencv_reg.4.5.5.dylib,
					/opt/homebrew/lib/libopencv_rgbd.4.5.5.dylib,
					/opt/homebrew/lib/libopencv_saliency.4.5.5.dylib,
					/opt/homebrew/lib/libopencv_sfm.4.5.5.dylib,
					/opt/homebrew/lib/libopencv_stereo.4.5.5.dylib,
					/opt/homebrew/lib/libopencv_structured_light.4.5.5.dylib,
					/opt/homebrew/lib/libopencv_superres.4.5.5.dylib,
					/opt/homebrew/lib/libopencv_surface_matching.4.5.5.dylib,
					/opt/homebrew/lib/libopencv_tracking.4.5.5.dylib,
					/opt/homebrew/lib/libopencv_videostab.4.5.5.dylib,
					/opt/homebrew/lib/libopencv_viz.4.5.5.dylib,
					/opt/homebrew/lib/libopencv_wechat_qrcode.4.5.5.dylib,
					/opt/homebrew/lib/libopencv_xfeatures2d.4.5.5.dylib,
					/opt/homebrew/lib/libopencv_xobjdetect.4.5.5.dylib,
					/opt/homebrew/lib/libopencv_xphoto.4.5.5.dylib,
					/opt/homebrew/lib/libopencv_shape.4.5.5.dylib,
					/opt/homebrew/lib/libopencv_highgui.4.5.5.dylib,
					/opt/homebrew/lib/libopencv_datasets.4.5.5.dylib,
					/opt/homebrew/lib/libopencv_plot.4.5.5.dylib,
					/opt/homebrew/lib/libopencv_text.4.5.5.dylib,
					/opt/homebrew/lib/libopencv_ml.4.5.5.dylib,
					/opt/homebrew/lib/libopencv_phase_unwrapping.4.5.5.dylib,
					/opt/homebrew/lib/libopencv_optflow.4.5.5.dylib,
					/opt/homebrew/lib/libopencv_ximgproc.4.5.5.dylib,
					/opt/homebrew/lib/libopencv_video.4.5.5.dylib,
					/opt/homebrew/lib/libopencv_videoio.4.5.5.dylib,
					/opt/homebrew/lib/libopencv_imgcodecs.4.5.5.dylib,
					/opt/homebrew/lib/libopencv_objdetect.4.5.5.dylib,
					/opt/homebrew/lib/libopencv_calib3d.4.5.5.dylib,
					/opt/homebrew/lib/libopencv_dnn.4.5.5.dylib,
					/opt/homebrew/lib/libopencv_features2d.4.5.5.dylib,
					/opt/homebrew/lib/libopencv_flann.4.5.5.dylib,
					/opt/homebrew/lib/libopencv_photo.4.5.5.dylib,
					/opt/homebrew/lib/libopencv_imgproc.4.5.5.dylib,
					/opt/homebrew/lib/libopencv_core.4.5.5.dylib,
					"$(inherited)",
				);
				OTHER_REZFLAGS = "";
				PRODUCT_NAME = final3_src_k21116;
				SECTORDER_FLAGS = "";
				SYMROOT = /Users/k21116kk/src/imageProc/imgProc_last/final3_src_k21116;
				SYSTEM_HEADER_SEARCH_PATHS = "/opt/homebrew/Cellar/opencv/4.5.5_1/include/opencv4 $(inherited)";
				USE_HEADERMAP = NO;
				WARNING_CFLAGS = "$(inherited)";
			};
			name = RelWithDebInfo;
		};
		3007E3AD5CDA471288C92373 /* Debug */ = {
			isa = XCBuildConfiguration;
			buildSettings = {
				ARCHS = arm64;
				SDKROOT = /Applications/Xcode.app/Contents/Developer/Platforms/MacOSX.platform/Developer/SDKs/MacOSX12.3.sdk;
				SYMROOT = /Users/k21116kk/src/imageProc/imgProc_last/final3_src_k21116/build;
			};
			name = Debug;
		};
		AEEC8B611BE94234A79A9222 /* Debug */ = {
			isa = XCBuildConfiguration;
			buildSettings = {
				ARCHS = arm64;
				COMBINE_HIDPI_IMAGES = YES;
				EXECUTABLE_PREFIX = "";
				EXECUTABLE_SUFFIX = "";
				GCC_GENERATE_DEBUGGING_SYMBOLS = YES;
				GCC_INLINES_ARE_PRIVATE_EXTERN = NO;
				GCC_OPTIMIZATION_LEVEL = 0;
				GCC_PREPROCESSOR_DEFINITIONS = (
					"'CMAKE_INTDIR=\"$(CONFIGURATION)$(EFFECTIVE_PLATFORM_NAME)\"'",
					"$(inherited)",
				);
				GCC_SYMBOLS_PRIVATE_EXTERN = NO;
				INSTALL_PATH = "";
				LD_RUNPATH_SEARCH_PATHS = "/opt/homebrew/lib $(inherited)";
				ONLY_ACTIVE_ARCH = NO;
				OTHER_CPLUSPLUSFLAGS = "   '-std=gnu++11' ";
				OTHER_LDFLAGS = (
					"-Wl,-search_paths_first",
					"-Wl,-headerpad_max_install_names",
					/opt/homebrew/lib/libopencv_gapi.4.5.5.dylib,
					/opt/homebrew/lib/libopencv_stitching.4.5.5.dylib,
					/opt/homebrew/lib/libopencv_alphamat.4.5.5.dylib,
					/opt/homebrew/lib/libopencv_aruco.4.5.5.dylib,
					/opt/homebrew/lib/libopencv_barcode.4.5.5.dylib,
					/opt/homebrew/lib/libopencv_bgsegm.4.5.5.dylib,
					/opt/homebrew/lib/libopencv_bioinspired.4.5.5.dylib,
					/opt/homebrew/lib/libopencv_ccalib.4.5.5.dylib,
					/opt/homebrew/lib/libopencv_dnn_objdetect.4.5.5.dylib,
					/opt/homebrew/lib/libopencv_dnn_superres.4.5.5.dylib,
					/opt/homebrew/lib/libopencv_dpm.4.5.5.dylib,
					/opt/homebrew/lib/libopencv_face.4.5.5.dylib,
					/opt/homebrew/lib/libopencv_freetype.4.5.5.dylib,
					/opt/homebrew/lib/libopencv_fuzzy.4.5.5.dylib,
					/opt/homebrew/lib/libopencv_hfs.4.5.5.dylib,
					/opt/homebrew/lib/libopencv_img_hash.4.5.5.dylib,
					/opt/homebrew/lib/libopencv_intensity_transform.4.5.5.dylib,
					/opt/homebrew/lib/libopencv_line_descriptor.4.5.5.dylib,
					/opt/homebrew/lib/libopencv_mcc.4.5.5.dylib,
					/opt/homebrew/lib/libopencv_quality.4.5.5.dylib,
					/opt/homebrew/lib/libopencv_rapid.4.5.5.dylib,
					/opt/homebrew/lib/libopencv_reg.4.5.5.dylib,
					/opt/homebrew/lib/libopencv_rgbd.4.5.5.dylib,
					/opt/homebrew/lib/libopencv_saliency.4.5.5.dylib,
					/opt/homebrew/lib/libopencv_sfm.4.5.5.dylib,
					/opt/homebrew/lib/libopencv_stereo.4.5.5.dylib,
					/opt/homebrew/lib/libopencv_structured_light.4.5.5.dylib,
					/opt/homebrew/lib/libopencv_superres.4.5.5.dylib,
					/opt/homebrew/lib/libopencv_surface_matching.4.5.5.dylib,
					/opt/homebrew/lib/libopencv_tracking.4.5.5.dylib,
					/opt/homebrew/lib/libopencv_videostab.4.5.5.dylib,
					/opt/homebrew/lib/libopencv_viz.4.5.5.dylib,
					/opt/homebrew/lib/libopencv_wechat_qrcode.4.5.5.dylib,
					/opt/homebrew/lib/libopencv_xfeatures2d.4.5.5.dylib,
					/opt/homebrew/lib/libopencv_xobjdetect.4.5.5.dylib,
					/opt/homebrew/lib/libopencv_xphoto.4.5.5.dylib,
					/opt/homebrew/lib/libopencv_shape.4.5.5.dylib,
					/opt/homebrew/lib/libopencv_highgui.4.5.5.dylib,
					/opt/homebrew/lib/libopencv_datasets.4.5.5.dylib,
					/opt/homebrew/lib/libopencv_plot.4.5.5.dylib,
					/opt/homebrew/lib/libopencv_text.4.5.5.dylib,
					/opt/homebrew/lib/libopencv_ml.4.5.5.dylib,
					/opt/homebrew/lib/libopencv_phase_unwrapping.4.5.5.dylib,
					/opt/homebrew/lib/libopencv_optflow.4.5.5.dylib,
					/opt/homebrew/lib/libopencv_ximgproc.4.5.5.dylib,
					/opt/homebrew/lib/libopencv_video.4.5.5.dylib,
					/opt/homebrew/lib/libopencv_videoio.4.5.5.dylib,
					/opt/homebrew/lib/libopencv_imgcodecs.4.5.5.dylib,
					/opt/homebrew/lib/libopencv_objdetect.4.5.5.dylib,
					/opt/homebrew/lib/libopencv_calib3d.4.5.5.dylib,
					/opt/homebrew/lib/libopencv_dnn.4.5.5.dylib,
					/opt/homebrew/lib/libopencv_features2d.4.5.5.dylib,
					/opt/homebrew/lib/libopencv_flann.4.5.5.dylib,
					/opt/homebrew/lib/libopencv_photo.4.5.5.dylib,
					/opt/homebrew/lib/libopencv_imgproc.4.5.5.dylib,
					/opt/homebrew/lib/libopencv_core.4.5.5.dylib,
					"$(inherited)",
				);
				OTHER_REZFLAGS = "";
				PRODUCT_NAME = final3_src_k21116;
				SECTORDER_FLAGS = "";
				SYMROOT = /Users/k21116kk/src/imageProc/imgProc_last/final3_src_k21116;
				SYSTEM_HEADER_SEARCH_PATHS = "/opt/homebrew/Cellar/opencv/4.5.5_1/include/opencv4 $(inherited)";
				USE_HEADERMAP = NO;
				WARNING_CFLAGS = "$(inherited)";
			};
			name = Debug;
		};
		EA24394A075741BAA19DD645 /* Release */ = {
			isa = XCBuildConfiguration;
			buildSettings = {
				ARCHS = arm64;
				COMBINE_HIDPI_IMAGES = YES;
				EXECUTABLE_PREFIX = "";
				EXECUTABLE_SUFFIX = "";
				GCC_GENERATE_DEBUGGING_SYMBOLS = NO;
				GCC_INLINES_ARE_PRIVATE_EXTERN = NO;
				GCC_OPTIMIZATION_LEVEL = 3;
				GCC_PREPROCESSOR_DEFINITIONS = (
					"'CMAKE_INTDIR=\"$(CONFIGURATION)$(EFFECTIVE_PLATFORM_NAME)\"'",
					"$(inherited)",
				);
				GCC_SYMBOLS_PRIVATE_EXTERN = NO;
				INSTALL_PATH = "";
				LD_RUNPATH_SEARCH_PATHS = "/opt/homebrew/lib $(inherited)";
				ONLY_ACTIVE_ARCH = NO;
				OTHER_CPLUSPLUSFLAGS = (
					"-DNDEBUG",
					"'-std=gnu++11'",
				);
				OTHER_LDFLAGS = (
					"-Wl,-search_paths_first",
					"-Wl,-headerpad_max_install_names",
					/opt/homebrew/lib/libopencv_gapi.4.5.5.dylib,
					/opt/homebrew/lib/libopencv_stitching.4.5.5.dylib,
					/opt/homebrew/lib/libopencv_alphamat.4.5.5.dylib,
					/opt/homebrew/lib/libopencv_aruco.4.5.5.dylib,
					/opt/homebrew/lib/libopencv_barcode.4.5.5.dylib,
					/opt/homebrew/lib/libopencv_bgsegm.4.5.5.dylib,
					/opt/homebrew/lib/libopencv_bioinspired.4.5.5.dylib,
					/opt/homebrew/lib/libopencv_ccalib.4.5.5.dylib,
					/opt/homebrew/lib/libopencv_dnn_objdetect.4.5.5.dylib,
					/opt/homebrew/lib/libopencv_dnn_superres.4.5.5.dylib,
					/opt/homebrew/lib/libopencv_dpm.4.5.5.dylib,
					/opt/homebrew/lib/libopencv_face.4.5.5.dylib,
					/opt/homebrew/lib/libopencv_freetype.4.5.5.dylib,
					/opt/homebrew/lib/libopencv_fuzzy.4.5.5.dylib,
					/opt/homebrew/lib/libopencv_hfs.4.5.5.dylib,
					/opt/homebrew/lib/libopencv_img_hash.4.5.5.dylib,
					/opt/homebrew/lib/libopencv_intensity_transform.4.5.5.dylib,
					/opt/homebrew/lib/libopencv_line_descriptor.4.5.5.dylib,
					/opt/homebrew/lib/libopencv_mcc.4.5.5.dylib,
					/opt/homebrew/lib/libopencv_quality.4.5.5.dylib,
					/opt/homebrew/lib/libopencv_rapid.4.5.5.dylib,
					/opt/homebrew/lib/libopencv_reg.4.5.5.dylib,
					/opt/homebrew/lib/libopencv_rgbd.4.5.5.dylib,
					/opt/homebrew/lib/libopencv_saliency.4.5.5.dylib,
					/opt/homebrew/lib/libopencv_sfm.4.5.5.dylib,
					/opt/homebrew/lib/libopencv_stereo.4.5.5.dylib,
					/opt/homebrew/lib/libopencv_structured_light.4.5.5.dylib,
					/opt/homebrew/lib/libopencv_superres.4.5.5.dylib,
					/opt/homebrew/lib/libopencv_surface_matching.4.5.5.dylib,
					/opt/homebrew/lib/libopencv_tracking.4.5.5.dylib,
					/opt/homebrew/lib/libopencv_videostab.4.5.5.dylib,
					/opt/homebrew/lib/libopencv_viz.4.5.5.dylib,
					/opt/homebrew/lib/libopencv_wechat_qrcode.4.5.5.dylib,
					/opt/homebrew/lib/libopencv_xfeatures2d.4.5.5.dylib,
					/opt/homebrew/lib/libopencv_xobjdetect.4.5.5.dylib,
					/opt/homebrew/lib/libopencv_xphoto.4.5.5.dylib,
					/opt/homebrew/lib/libopencv_shape.4.5.5.dylib,
					/opt/homebrew/lib/libopencv_highgui.4.5.5.dylib,
					/opt/homebrew/lib/libopencv_datasets.4.5.5.dylib,
					/opt/homebrew/lib/libopencv_plot.4.5.5.dylib,
					/opt/homebrew/lib/libopencv_text.4.5.5.dylib,
					/opt/homebrew/lib/libopencv_ml.4.5.5.dylib,
					/opt/homebrew/lib/libopencv_phase_unwrapping.4.5.5.dylib,
					/opt/homebrew/lib/libopencv_optflow.4.5.5.dylib,
					/opt/homebrew/lib/libopencv_ximgproc.4.5.5.dylib,
					/opt/homebrew/lib/libopencv_video.4.5.5.dylib,
					/opt/homebrew/lib/libopencv_videoio.4.5.5.dylib,
					/opt/homebrew/lib/libopencv_imgcodecs.4.5.5.dylib,
					/opt/homebrew/lib/libopencv_objdetect.4.5.5.dylib,
					/opt/homebrew/lib/libopencv_calib3d.4.5.5.dylib,
					/opt/homebrew/lib/libopencv_dnn.4.5.5.dylib,
					/opt/homebrew/lib/libopencv_features2d.4.5.5.dylib,
					/opt/homebrew/lib/libopencv_flann.4.5.5.dylib,
					/opt/homebrew/lib/libopencv_photo.4.5.5.dylib,
					/opt/homebrew/lib/libopencv_imgproc.4.5.5.dylib,
					/opt/homebrew/lib/libopencv_core.4.5.5.dylib,
					"$(inherited)",
				);
				OTHER_REZFLAGS = "";
				PRODUCT_NAME = final3_src_k21116;
				SECTORDER_FLAGS = "";
				SYMROOT = /Users/k21116kk/src/imageProc/imgProc_last/final3_src_k21116;
				SYSTEM_HEADER_SEARCH_PATHS = "/opt/homebrew/Cellar/opencv/4.5.5_1/include/opencv4 $(inherited)";
				USE_HEADERMAP = NO;
				WARNING_CFLAGS = "$(inherited)";
			};
			name = Release;
		};
/* End XCBuildConfiguration section */

/* Begin XCConfigurationList section */
		7682E71275CB4A0995F3E4C8 /* Build configuration list for PBXProject "final3_src_k21116" */ = {
			isa = XCConfigurationList;
			buildConfigurations = (
				3007E3AD5CDA471288C92373 /* Debug */,
				115877CD31A84AF0A902E254 /* Release */,
				1F76125A053C4D8F98A35C50 /* MinSizeRel */,
				246C4BB5AFE54ED2A36C73B5 /* RelWithDebInfo */,
			);
			defaultConfigurationIsVisible = 0;
			defaultConfigurationName = Debug;
		};
		9828963A8B9847C388E41EFB /* Build configuration list for PBXNativeTarget "final3_src_k21116" */ = {
			isa = XCConfigurationList;
			buildConfigurations = (
				AEEC8B611BE94234A79A9222 /* Debug */,
				EA24394A075741BAA19DD645 /* Release */,
				19C4F1183BFB408C9D91D562 /* MinSizeRel */,
				27247B26D5BA48DA9F1D39F9 /* RelWithDebInfo */,
			);
			defaultConfigurationIsVisible = 0;
			defaultConfigurationName = Debug;
		};
/* End XCConfigurationList section */
	};
	rootObject = 2E19813A7DEF4D4085E6C09F /* Project object */;
}
