// !$*UTF8*$!
{
	archiveVersion = 1;
	classes = {
	};
	objectVersion = 46;
	objects = {

/* Begin PBXBuildFile section */
		FCDE20EF8D3C4B859DD955CE /* 02_01_colors_k21116.cpp in Sources */ = {isa = PBXBuildFile; fileRef = D4769E87DE5B43F3B0A96641 /* 02_01_colors_k21116.cpp */; };
/* End PBXBuildFile section */

/* Begin PBXFileReference section */
		86CBA24440964CA4B170B691 /* CMakeLists.txt */ = {isa = PBXFileReference; explicitFileType = sourcecode.text; fileEncoding = 4; lastKnownFileType = text; path = CMakeLists.txt; sourceTree = SOURCE_ROOT; };
		97D37980715748F4A783D42C /* 02_01_colors_k21116 */ = {isa = PBXFileReference; explicitFileType = "compiled.mach-o.executable"; path = 02_01_colors_k21116; sourceTree = BUILT_PRODUCTS_DIR; };
		D4769E87DE5B43F3B0A96641 /* 02_01_colors_k21116.cpp */ = {isa = PBXFileReference; explicitFileType = sourcecode.cpp.cpp; fileEncoding = 4; path = 02_01_colors_k21116.cpp; sourceTree = SOURCE_ROOT; };
		E0CCF5463DB94C3CBDDC021A /* CMakeLists.txt */ = {isa = PBXFileReference; explicitFileType = sourcecode.text; fileEncoding = 4; lastKnownFileType = text; path = CMakeLists.txt; sourceTree = SOURCE_ROOT; };
/* End PBXFileReference section */

/* Begin PBXFrameworksBuildPhase section */
		A9404A45FE4A431C8DC33E1F /* Frameworks */ = {
			isa = PBXFrameworksBuildPhase;
			buildActionMask = 2147483647;
			files = (
			);
			runOnlyForDeploymentPostprocessing = 0;
		};
/* End PBXFrameworksBuildPhase section */

/* Begin PBXGroup section */
		980B02F04C984A17B394990D /* 02_01_colors_k21116 */ = {
			isa = PBXGroup;
			children = (
				DA9DEE3871E74E4BAA3C70D5 /* Source Files */,
				86CBA24440964CA4B170B691 /* CMakeLists.txt */,
			);
			name = 02_01_colors_k21116;
			sourceTree = "<group>";
		};
		CB9BE9ED6D6F4A26946F9A80 = {
			isa = PBXGroup;
			children = (
				980B02F04C984A17B394990D /* 02_01_colors_k21116 */,
				F160D1D8381A44709B2DF226 /* ALL_BUILD */,
				F7142D8635A34F3598005558 /* Products */,
				FE35D3E1E8694C509FD9E426 /* Frameworks */,
			);
			sourceTree = "<group>";
		};
		DA9DEE3871E74E4BAA3C70D5 /* Source Files */ = {
			isa = PBXGroup;
			children = (
				D4769E87DE5B43F3B0A96641 /* 02_01_colors_k21116.cpp */,
			);
			name = "Source Files";
			sourceTree = "<group>";
		};
		F160D1D8381A44709B2DF226 /* ALL_BUILD */ = {
			isa = PBXGroup;
			children = (
				F5C944E9B7DF4008919BC40B /* CMake Rules */,
				E0CCF5463DB94C3CBDDC021A /* CMakeLists.txt */,
			);
			name = ALL_BUILD;
			sourceTree = "<group>";
		};
		F5C944E9B7DF4008919BC40B /* CMake Rules */ = {
			isa = PBXGroup;
			children = (
			);
			name = "CMake Rules";
			sourceTree = "<group>";
		};
		F7142D8635A34F3598005558 /* Products */ = {
			isa = PBXGroup;
			children = (
				97D37980715748F4A783D42C /* 02_01_colors_k21116 */,
			);
			name = Products;
			sourceTree = "<group>";
		};
		FE35D3E1E8694C509FD9E426 /* Frameworks */ = {
			isa = PBXGroup;
			children = (
			);
			name = Frameworks;
			sourceTree = "<group>";
		};
/* End PBXGroup section */

/* Begin PBXNativeTarget section */
		F0A9E787C9BD4F749EDD30D2 /* 02_01_colors_k21116 */ = {
			isa = PBXNativeTarget;
			buildConfigurationList = EAC2F8B3A09B48AFA5A34319 /* Build configuration list for PBXNativeTarget "02_01_colors_k21116" */;
			buildPhases = (
				AD12F3B8A76C42589260BDD6 /* Sources */,
				A9404A45FE4A431C8DC33E1F /* Frameworks */,
			);
			buildRules = (
			);
			dependencies = (
			);
			name = 02_01_colors_k21116;
			productName = 02_01_colors_k21116;
			productReference = 97D37980715748F4A783D42C /* 02_01_colors_k21116 */;
			productType = "com.apple.product-type.tool";
		};
/* End PBXNativeTarget section */

/* Begin PBXProject section */
		6E30910B8C984BE3975CEA8E /* Project object */ = {
			isa = PBXProject;
			attributes = {
				LastUpgradeCheck = 1330;
			};
			buildConfigurationList = 1C701528658B46158EE2DB36 /* Build configuration list for PBXProject "02_01_colors_k21116" */;
			compatibilityVersion = "Xcode 3.2";
			developmentRegion = en;
			hasScannedForEncodings = 0;
			knownRegions = (
				en,
				Base,
			);
			mainGroup = CB9BE9ED6D6F4A26946F9A80;
			projectDirPath = "";
			projectRoot = "";
			targets = (
				F0A9E787C9BD4F749EDD30D2 /* 02_01_colors_k21116 */,
			);
		};
/* End PBXProject section */

/* Begin PBXSourcesBuildPhase section */
		AD12F3B8A76C42589260BDD6 /* Sources */ = {
			isa = PBXSourcesBuildPhase;
			buildActionMask = 2147483647;
			files = (
				FCDE20EF8D3C4B859DD955CE /* 02_01_colors_k21116.cpp in Sources */,
			);
			runOnlyForDeploymentPostprocessing = 0;
		};
/* End PBXSourcesBuildPhase section */

/* Begin XCBuildConfiguration section */
		11139CD4768C411692661454 /* MinSizeRel */ = {
			isa = XCBuildConfiguration;
			buildSettings = {
				ARCHS = arm64;
				COMBINE_HIDPI_IMAGES = YES;
				EXECUTABLE_PREFIX = "";
				EXECUTABLE_SUFFIX = "";
				GCC_GENERATE_DEBUGGING_SYMBOLS = NO;
				GCC_INLINES_ARE_PRIVATE_EXTERN = NO;
				GCC_OPTIMIZATION_LEVEL = s;
				GCC_PREPROCESSOR_DEFINITIONS = (
					"'CMAKE_INTDIR=\"$(CONFIGURATION)$(EFFECTIVE_PLATFORM_NAME)\"'",
					"$(inherited)",
				);
				GCC_SYMBOLS_PRIVATE_EXTERN = NO;
				INSTALL_PATH = "";
				LD_RUNPATH_SEARCH_PATHS = "/opt/homebrew/lib $(inherited)";
				ONLY_ACTIVE_ARCH = NO;
				OTHER_CPLUSPLUSFLAGS = (
					"-DNDEBUG",
					"'-std=gnu++11'",
				);
				OTHER_LDFLAGS = (
					"-Wl,-search_paths_first",
					"-Wl,-headerpad_max_install_names",
					/opt/homebrew/lib/libopencv_gapi.4.5.5.dylib,
					/opt/homebrew/lib/libopencv_stitching.4.5.5.dylib,
					/opt/homebrew/lib/libopencv_alphamat.4.5.5.dylib,
					/opt/homebrew/lib/libopencv_aruco.4.5.5.dylib,
					/opt/homebrew/lib/libopencv_barcode.4.5.5.dylib,
					/opt/homebrew/lib/libopencv_bgsegm.4.5.5.dylib,
					/opt/homebrew/lib/libopencv_bioinspired.4.5.5.dylib,
					/opt/homebrew/lib/libopencv_ccalib.4.5.5.dylib,
					/opt/homebrew/lib/libopencv_dnn_objdetect.4.5.5.dylib,
					/opt/homebrew/lib/libopencv_dnn_superres.4.5.5.dylib,
					/opt/homebrew/lib/libopencv_dpm.4.5.5.dylib,
					/opt/homebrew/lib/libopencv_face.4.5.5.dylib,
					/opt/homebrew/lib/libopencv_freetype.4.5.5.dylib,
					/opt/homebrew/lib/libopencv_fuzzy.4.5.5.dylib,
					/opt/homebrew/lib/libopencv_hfs.4.5.5.dylib,
					/opt/homebrew/lib/libopencv_img_hash.4.5.5.dylib,
					/opt/homebrew/lib/libopencv_intensity_transform.4.5.5.dylib,
					/opt/homebrew/lib/libopencv_line_descriptor.4.5.5.dylib,
					/opt/homebrew/lib/libopencv_mcc.4.5.5.dylib,
					/opt/homebrew/lib/libopencv_quality.4.5.5.dylib,
					/opt/homebrew/lib/libopencv_rapid.4.5.5.dylib,
					/opt/homebrew/lib/libopencv_reg.4.5.5.dylib,
					/opt/homebrew/lib/libopencv_rgbd.4.5.5.dylib,
					/opt/homebrew/lib/libopencv_saliency.4.5.5.dylib,
					/opt/homebrew/lib/libopencv_sfm.4.5.5.dylib,
					/opt/homebrew/lib/libopencv_stereo.4.5.5.dylib,
					/opt/homebrew/lib/libopencv_structured_light.4.5.5.dylib,
					/opt/homebrew/lib/libopencv_superres.4.5.5.dylib,
					/opt/homebrew/lib/libopencv_surface_matching.4.5.5.dylib,
					/opt/homebrew/lib/libopencv_tracking.4.5.5.dylib,
					/opt/homebrew/lib/libopencv_videostab.4.5.5.dylib,
					/opt/homebrew/lib/libopencv_viz.4.5.5.dylib,
					/opt/homebrew/lib/libopencv_wechat_qrcode.4.5.5.dylib,
					/opt/homebrew/lib/libopencv_xfeatures2d.4.5.5.dylib,
					/opt/homebrew/lib/libopencv_xobjdetect.4.5.5.dylib,
					/opt/homebrew/lib/libopencv_xphoto.4.5.5.dylib,
					/opt/homebrew/lib/libopencv_shape.4.5.5.dylib,
					/opt/homebrew/lib/libopencv_highgui.4.5.5.dylib,
					/opt/homebrew/lib/libopencv_datasets.4.5.5.dylib,
					/opt/homebrew/lib/libopencv_plot.4.5.5.dylib,
					/opt/homebrew/lib/libopencv_text.4.5.5.dylib,
					/opt/homebrew/lib/libopencv_ml.4.5.5.dylib,
					/opt/homebrew/lib/libopencv_phase_unwrapping.4.5.5.dylib,
					/opt/homebrew/lib/libopencv_optflow.4.5.5.dylib,
					/opt/homebrew/lib/libopencv_ximgproc.4.5.5.dylib,
					/opt/homebrew/lib/libopencv_video.4.5.5.dylib,
					/opt/homebrew/lib/libopencv_videoio.4.5.5.dylib,
					/opt/homebrew/lib/libopencv_imgcodecs.4.5.5.dylib,
					/opt/homebrew/lib/libopencv_objdetect.4.5.5.dylib,
					/opt/homebrew/lib/libopencv_calib3d.4.5.5.dylib,
					/opt/homebrew/lib/libopencv_dnn.4.5.5.dylib,
					/opt/homebrew/lib/libopencv_features2d.4.5.5.dylib,
					/opt/homebrew/lib/libopencv_flann.4.5.5.dylib,
					/opt/homebrew/lib/libopencv_photo.4.5.5.dylib,
					/opt/homebrew/lib/libopencv_imgproc.4.5.5.dylib,
					/opt/homebrew/lib/libopencv_core.4.5.5.dylib,
					"$(inherited)",
				);
				OTHER_REZFLAGS = "";
				PRODUCT_NAME = 02_01_colors_k21116;
				SECTORDER_FLAGS = "";
				SYMROOT = "/Users/k21116kk/src/画像処理/imgProc_kadai/第２回/02_01_colors_k21116";
				SYSTEM_HEADER_SEARCH_PATHS = "/opt/homebrew/Cellar/opencv/4.5.5_1/include/opencv4 $(inherited)";
				USE_HEADERMAP = NO;
				WARNING_CFLAGS = "$(inherited)";
			};
			name = MinSizeRel;
		};
		305F5B2BD7C04332969E3170 /* RelWithDebInfo */ = {
			isa = XCBuildConfiguration;
			buildSettings = {
				ARCHS = arm64;
				COMBINE_HIDPI_IMAGES = YES;
				EXECUTABLE_PREFIX = "";
				EXECUTABLE_SUFFIX = "";
				GCC_GENERATE_DEBUGGING_SYMBOLS = YES;
				GCC_INLINES_ARE_PRIVATE_EXTERN = NO;
				GCC_OPTIMIZATION_LEVEL = 2;
				GCC_PREPROCESSOR_DEFINITIONS = (
					"'CMAKE_INTDIR=\"$(CONFIGURATION)$(EFFECTIVE_PLATFORM_NAME)\"'",
					"$(inherited)",
				);
				GCC_SYMBOLS_PRIVATE_EXTERN = NO;
				INSTALL_PATH = "";
				LD_RUNPATH_SEARCH_PATHS = "/opt/homebrew/lib $(inherited)";
				ONLY_ACTIVE_ARCH = NO;
				OTHER_CPLUSPLUSFLAGS = (
					"-DNDEBUG",
					"'-std=gnu++11'",
				);
				OTHER_LDFLAGS = (
					"-Wl,-search_paths_first",
					"-Wl,-headerpad_max_install_names",
					/opt/homebrew/lib/libopencv_gapi.4.5.5.dylib,
					/opt/homebrew/lib/libopencv_stitching.4.5.5.dylib,
					/opt/homebrew/lib/libopencv_alphamat.4.5.5.dylib,
					/opt/homebrew/lib/libopencv_aruco.4.5.5.dylib,
					/opt/homebrew/lib/libopencv_barcode.4.5.5.dylib,
					/opt/homebrew/lib/libopencv_bgsegm.4.5.5.dylib,
					/opt/homebrew/lib/libopencv_bioinspired.4.5.5.dylib,
					/opt/homebrew/lib/libopencv_ccalib.4.5.5.dylib,
					/opt/homebrew/lib/libopencv_dnn_objdetect.4.5.5.dylib,
					/opt/homebrew/lib/libopencv_dnn_superres.4.5.5.dylib,
					/opt/homebrew/lib/libopencv_dpm.4.5.5.dylib,
					/opt/homebrew/lib/libopencv_face.4.5.5.dylib,
					/opt/homebrew/lib/libopencv_freetype.4.5.5.dylib,
					/opt/homebrew/lib/libopencv_fuzzy.4.5.5.dylib,
					/opt/homebrew/lib/libopencv_hfs.4.5.5.dylib,
					/opt/homebrew/lib/libopencv_img_hash.4.5.5.dylib,
					/opt/homebrew/lib/libopencv_intensity_transform.4.5.5.dylib,
					/opt/homebrew/lib/libopencv_line_descriptor.4.5.5.dylib,
					/opt/homebrew/lib/libopencv_mcc.4.5.5.dylib,
					/opt/homebrew/lib/libopencv_quality.4.5.5.dylib,
					/opt/homebrew/lib/libopencv_rapid.4.5.5.dylib,
					/opt/homebrew/lib/libopencv_reg.4.5.5.dylib,
					/opt/homebrew/lib/libopencv_rgbd.4.5.5.dylib,
					/opt/homebrew/lib/libopencv_saliency.4.5.5.dylib,
					/opt/homebrew/lib/libopencv_sfm.4.5.5.dylib,
					/opt/homebrew/lib/libopencv_stereo.4.5.5.dylib,
					/opt/homebrew/lib/libopencv_structured_light.4.5.5.dylib,
					/opt/homebrew/lib/libopencv_superres.4.5.5.dylib,
					/opt/homebrew/lib/libopencv_surface_matching.4.5.5.dylib,
					/opt/homebrew/lib/libopencv_tracking.4.5.5.dylib,
					/opt/homebrew/lib/libopencv_videostab.4.5.5.dylib,
					/opt/homebrew/lib/libopencv_viz.4.5.5.dylib,
					/opt/homebrew/lib/libopencv_wechat_qrcode.4.5.5.dylib,
					/opt/homebrew/lib/libopencv_xfeatures2d.4.5.5.dylib,
					/opt/homebrew/lib/libopencv_xobjdetect.4.5.5.dylib,
					/opt/homebrew/lib/libopencv_xphoto.4.5.5.dylib,
					/opt/homebrew/lib/libopencv_shape.4.5.5.dylib,
					/opt/homebrew/lib/libopencv_highgui.4.5.5.dylib,
					/opt/homebrew/lib/libopencv_datasets.4.5.5.dylib,
					/opt/homebrew/lib/libopencv_plot.4.5.5.dylib,
					/opt/homebrew/lib/libopencv_text.4.5.5.dylib,
					/opt/homebrew/lib/libopencv_ml.4.5.5.dylib,
					/opt/homebrew/lib/libopencv_phase_unwrapping.4.5.5.dylib,
					/opt/homebrew/lib/libopencv_optflow.4.5.5.dylib,
					/opt/homebrew/lib/libopencv_ximgproc.4.5.5.dylib,
					/opt/homebrew/lib/libopencv_video.4.5.5.dylib,
					/opt/homebrew/lib/libopencv_videoio.4.5.5.dylib,
					/opt/homebrew/lib/libopencv_imgcodecs.4.5.5.dylib,
					/opt/homebrew/lib/libopencv_objdetect.4.5.5.dylib,
					/opt/homebrew/lib/libopencv_calib3d.4.5.5.dylib,
					/opt/homebrew/lib/libopencv_dnn.4.5.5.dylib,
					/opt/homebrew/lib/libopencv_features2d.4.5.5.dylib,
					/opt/homebrew/lib/libopencv_flann.4.5.5.dylib,
					/opt/homebrew/lib/libopencv_photo.4.5.5.dylib,
					/opt/homebrew/lib/libopencv_imgproc.4.5.5.dylib,
					/opt/homebrew/lib/libopencv_core.4.5.5.dylib,
					"$(inherited)",
				);
				OTHER_REZFLAGS = "";
				PRODUCT_NAME = 02_01_colors_k21116;
				SECTORDER_FLAGS = "";
				SYMROOT = "/Users/k21116kk/src/画像処理/imgProc_kadai/第２回/02_01_colors_k21116";
				SYSTEM_HEADER_SEARCH_PATHS = "/opt/homebrew/Cellar/opencv/4.5.5_1/include/opencv4 $(inherited)";
				USE_HEADERMAP = NO;
				WARNING_CFLAGS = "$(inherited)";
			};
			name = RelWithDebInfo;
		};
		3128FD61BB684283B5DE182B /* RelWithDebInfo */ = {
			isa = XCBuildConfiguration;
			buildSettings = {
				ARCHS = arm64;
				SDKROOT = /Applications/Xcode.app/Contents/Developer/Platforms/MacOSX.platform/Developer/SDKs/MacOSX12.3.sdk;
				SYMROOT = "/Users/k21116kk/src/画像処理/imgProc_kadai/第２回/02_01_colors_k21116/build";
			};
			name = RelWithDebInfo;
		};
		378CDED904E7449E9AE21CD4 /* Release */ = {
			isa = XCBuildConfiguration;
			buildSettings = {
				ARCHS = arm64;
				SDKROOT = /Applications/Xcode.app/Contents/Developer/Platforms/MacOSX.platform/Developer/SDKs/MacOSX12.3.sdk;
				SYMROOT = "/Users/k21116kk/src/画像処理/imgProc_kadai/第２回/02_01_colors_k21116/build";
			};
			name = Release;
		};
		4536B2F8D0C245C59C5392BD /* Debug */ = {
			isa = XCBuildConfiguration;
			buildSettings = {
				ARCHS = arm64;
				COMBINE_HIDPI_IMAGES = YES;
				EXECUTABLE_PREFIX = "";
				EXECUTABLE_SUFFIX = "";
				GCC_GENERATE_DEBUGGING_SYMBOLS = YES;
				GCC_INLINES_ARE_PRIVATE_EXTERN = NO;
				GCC_OPTIMIZATION_LEVEL = 0;
				GCC_PREPROCESSOR_DEFINITIONS = (
					"'CMAKE_INTDIR=\"$(CONFIGURATION)$(EFFECTIVE_PLATFORM_NAME)\"'",
					"$(inherited)",
				);
				GCC_SYMBOLS_PRIVATE_EXTERN = NO;
				INSTALL_PATH = "";
				LD_RUNPATH_SEARCH_PATHS = "/opt/homebrew/lib $(inherited)";
				ONLY_ACTIVE_ARCH = NO;
				OTHER_CPLUSPLUSFLAGS = "   '-std=gnu++11' ";
				OTHER_LDFLAGS = (
					"-Wl,-search_paths_first",
					"-Wl,-headerpad_max_install_names",
					/opt/homebrew/lib/libopencv_gapi.4.5.5.dylib,
					/opt/homebrew/lib/libopencv_stitching.4.5.5.dylib,
					/opt/homebrew/lib/libopencv_alphamat.4.5.5.dylib,
					/opt/homebrew/lib/libopencv_aruco.4.5.5.dylib,
					/opt/homebrew/lib/libopencv_barcode.4.5.5.dylib,
					/opt/homebrew/lib/libopencv_bgsegm.4.5.5.dylib,
					/opt/homebrew/lib/libopencv_bioinspired.4.5.5.dylib,
					/opt/homebrew/lib/libopencv_ccalib.4.5.5.dylib,
					/opt/homebrew/lib/libopencv_dnn_objdetect.4.5.5.dylib,
					/opt/homebrew/lib/libopencv_dnn_superres.4.5.5.dylib,
					/opt/homebrew/lib/libopencv_dpm.4.5.5.dylib,
					/opt/homebrew/lib/libopencv_face.4.5.5.dylib,
					/opt/homebrew/lib/libopencv_freetype.4.5.5.dylib,
					/opt/homebrew/lib/libopencv_fuzzy.4.5.5.dylib,
					/opt/homebrew/lib/libopencv_hfs.4.5.5.dylib,
					/opt/homebrew/lib/libopencv_img_hash.4.5.5.dylib,
					/opt/homebrew/lib/libopencv_intensity_transform.4.5.5.dylib,
					/opt/homebrew/lib/libopencv_line_descriptor.4.5.5.dylib,
					/opt/homebrew/lib/libopencv_mcc.4.5.5.dylib,
					/opt/homebrew/lib/libopencv_quality.4.5.5.dylib,
					/opt/homebrew/lib/libopencv_rapid.4.5.5.dylib,
					/opt/homebrew/lib/libopencv_reg.4.5.5.dylib,
					/opt/homebrew/lib/libopencv_rgbd.4.5.5.dylib,
					/opt/homebrew/lib/libopencv_saliency.4.5.5.dylib,
					/opt/homebrew/lib/libopencv_sfm.4.5.5.dylib,
					/opt/homebrew/lib/libopencv_stereo.4.5.5.dylib,
					/opt/homebrew/lib/libopencv_structured_light.4.5.5.dylib,
					/opt/homebrew/lib/libopencv_superres.4.5.5.dylib,
					/opt/homebrew/lib/libopencv_surface_matching.4.5.5.dylib,
					/opt/homebrew/lib/libopencv_tracking.4.5.5.dylib,
					/opt/homebrew/lib/libopencv_videostab.4.5.5.dylib,
					/opt/homebrew/lib/libopencv_viz.4.5.5.dylib,
					/opt/homebrew/lib/libopencv_wechat_qrcode.4.5.5.dylib,
					/opt/homebrew/lib/libopencv_xfeatures2d.4.5.5.dylib,
					/opt/homebrew/lib/libopencv_xobjdetect.4.5.5.dylib,
					/opt/homebrew/lib/libopencv_xphoto.4.5.5.dylib,
					/opt/homebrew/lib/libopencv_shape.4.5.5.dylib,
					/opt/homebrew/lib/libopencv_highgui.4.5.5.dylib,
					/opt/homebrew/lib/libopencv_datasets.4.5.5.dylib,
					/opt/homebrew/lib/libopencv_plot.4.5.5.dylib,
					/opt/homebrew/lib/libopencv_text.4.5.5.dylib,
					/opt/homebrew/lib/libopencv_ml.4.5.5.dylib,
					/opt/homebrew/lib/libopencv_phase_unwrapping.4.5.5.dylib,
					/opt/homebrew/lib/libopencv_optflow.4.5.5.dylib,
					/opt/homebrew/lib/libopencv_ximgproc.4.5.5.dylib,
					/opt/homebrew/lib/libopencv_video.4.5.5.dylib,
					/opt/homebrew/lib/libopencv_videoio.4.5.5.dylib,
					/opt/homebrew/lib/libopencv_imgcodecs.4.5.5.dylib,
					/opt/homebrew/lib/libopencv_objdetect.4.5.5.dylib,
					/opt/homebrew/lib/libopencv_calib3d.4.5.5.dylib,
					/opt/homebrew/lib/libopencv_dnn.4.5.5.dylib,
					/opt/homebrew/lib/libopencv_features2d.4.5.5.dylib,
					/opt/homebrew/lib/libopencv_flann.4.5.5.dylib,
					/opt/homebrew/lib/libopencv_photo.4.5.5.dylib,
					/opt/homebrew/lib/libopencv_imgproc.4.5.5.dylib,
					/opt/homebrew/lib/libopencv_core.4.5.5.dylib,
					"$(inherited)",
				);
				OTHER_REZFLAGS = "";
				PRODUCT_NAME = 02_01_colors_k21116;
				SECTORDER_FLAGS = "";
				SYMROOT = "/Users/k21116kk/src/画像処理/imgProc_kadai/第２回/02_01_colors_k21116";
				SYSTEM_HEADER_SEARCH_PATHS = "/opt/homebrew/Cellar/opencv/4.5.5_1/include/opencv4 $(inherited)";
				USE_HEADERMAP = NO;
				WARNING_CFLAGS = "$(inherited)";
			};
			name = Debug;
		};
		4DD03B5D12744269BBAAABCB /* Debug */ = {
			isa = XCBuildConfiguration;
			buildSettings = {
				ARCHS = arm64;
				SDKROOT = /Applications/Xcode.app/Contents/Developer/Platforms/MacOSX.platform/Developer/SDKs/MacOSX12.3.sdk;
				SYMROOT = "/Users/k21116kk/src/画像処理/imgProc_kadai/第２回/02_01_colors_k21116/build";
			};
			name = Debug;
		};
		A86408E9C81E4F208A6FC230 /* Release */ = {
			isa = XCBuildConfiguration;
			buildSettings = {
				ARCHS = arm64;
				COMBINE_HIDPI_IMAGES = YES;
				EXECUTABLE_PREFIX = "";
				EXECUTABLE_SUFFIX = "";
				GCC_GENERATE_DEBUGGING_SYMBOLS = NO;
				GCC_INLINES_ARE_PRIVATE_EXTERN = NO;
				GCC_OPTIMIZATION_LEVEL = 3;
				GCC_PREPROCESSOR_DEFINITIONS = (
					"'CMAKE_INTDIR=\"$(CONFIGURATION)$(EFFECTIVE_PLATFORM_NAME)\"'",
					"$(inherited)",
				);
				GCC_SYMBOLS_PRIVATE_EXTERN = NO;
				INSTALL_PATH = "";
				LD_RUNPATH_SEARCH_PATHS = "/opt/homebrew/lib $(inherited)";
				ONLY_ACTIVE_ARCH = NO;
				OTHER_CPLUSPLUSFLAGS = (
					"-DNDEBUG",
					"'-std=gnu++11'",
				);
				OTHER_LDFLAGS = (
					"-Wl,-search_paths_first",
					"-Wl,-headerpad_max_install_names",
					/opt/homebrew/lib/libopencv_gapi.4.5.5.dylib,
					/opt/homebrew/lib/libopencv_stitching.4.5.5.dylib,
					/opt/homebrew/lib/libopencv_alphamat.4.5.5.dylib,
					/opt/homebrew/lib/libopencv_aruco.4.5.5.dylib,
					/opt/homebrew/lib/libopencv_barcode.4.5.5.dylib,
					/opt/homebrew/lib/libopencv_bgsegm.4.5.5.dylib,
					/opt/homebrew/lib/libopencv_bioinspired.4.5.5.dylib,
					/opt/homebrew/lib/libopencv_ccalib.4.5.5.dylib,
					/opt/homebrew/lib/libopencv_dnn_objdetect.4.5.5.dylib,
					/opt/homebrew/lib/libopencv_dnn_superres.4.5.5.dylib,
					/opt/homebrew/lib/libopencv_dpm.4.5.5.dylib,
					/opt/homebrew/lib/libopencv_face.4.5.5.dylib,
					/opt/homebrew/lib/libopencv_freetype.4.5.5.dylib,
					/opt/homebrew/lib/libopencv_fuzzy.4.5.5.dylib,
					/opt/homebrew/lib/libopencv_hfs.4.5.5.dylib,
					/opt/homebrew/lib/libopencv_img_hash.4.5.5.dylib,
					/opt/homebrew/lib/libopencv_intensity_transform.4.5.5.dylib,
					/opt/homebrew/lib/libopencv_line_descriptor.4.5.5.dylib,
					/opt/homebrew/lib/libopencv_mcc.4.5.5.dylib,
					/opt/homebrew/lib/libopencv_quality.4.5.5.dylib,
					/opt/homebrew/lib/libopencv_rapid.4.5.5.dylib,
					/opt/homebrew/lib/libopencv_reg.4.5.5.dylib,
					/opt/homebrew/lib/libopencv_rgbd.4.5.5.dylib,
					/opt/homebrew/lib/libopencv_saliency.4.5.5.dylib,
					/opt/homebrew/lib/libopencv_sfm.4.5.5.dylib,
					/opt/homebrew/lib/libopencv_stereo.4.5.5.dylib,
					/opt/homebrew/lib/libopencv_structured_light.4.5.5.dylib,
					/opt/homebrew/lib/libopencv_superres.4.5.5.dylib,
					/opt/homebrew/lib/libopencv_surface_matching.4.5.5.dylib,
					/opt/homebrew/lib/libopencv_tracking.4.5.5.dylib,
					/opt/homebrew/lib/libopencv_videostab.4.5.5.dylib,
					/opt/homebrew/lib/libopencv_viz.4.5.5.dylib,
					/opt/homebrew/lib/libopencv_wechat_qrcode.4.5.5.dylib,
					/opt/homebrew/lib/libopencv_xfeatures2d.4.5.5.dylib,
					/opt/homebrew/lib/libopencv_xobjdetect.4.5.5.dylib,
					/opt/homebrew/lib/libopencv_xphoto.4.5.5.dylib,
					/opt/homebrew/lib/libopencv_shape.4.5.5.dylib,
					/opt/homebrew/lib/libopencv_highgui.4.5.5.dylib,
					/opt/homebrew/lib/libopencv_datasets.4.5.5.dylib,
					/opt/homebrew/lib/libopencv_plot.4.5.5.dylib,
					/opt/homebrew/lib/libopencv_text.4.5.5.dylib,
					/opt/homebrew/lib/libopencv_ml.4.5.5.dylib,
					/opt/homebrew/lib/libopencv_phase_unwrapping.4.5.5.dylib,
					/opt/homebrew/lib/libopencv_optflow.4.5.5.dylib,
					/opt/homebrew/lib/libopencv_ximgproc.4.5.5.dylib,
					/opt/homebrew/lib/libopencv_video.4.5.5.dylib,
					/opt/homebrew/lib/libopencv_videoio.4.5.5.dylib,
					/opt/homebrew/lib/libopencv_imgcodecs.4.5.5.dylib,
					/opt/homebrew/lib/libopencv_objdetect.4.5.5.dylib,
					/opt/homebrew/lib/libopencv_calib3d.4.5.5.dylib,
					/opt/homebrew/lib/libopencv_dnn.4.5.5.dylib,
					/opt/homebrew/lib/libopencv_features2d.4.5.5.dylib,
					/opt/homebrew/lib/libopencv_flann.4.5.5.dylib,
					/opt/homebrew/lib/libopencv_photo.4.5.5.dylib,
					/opt/homebrew/lib/libopencv_imgproc.4.5.5.dylib,
					/opt/homebrew/lib/libopencv_core.4.5.5.dylib,
					"$(inherited)",
				);
				OTHER_REZFLAGS = "";
				PRODUCT_NAME = 02_01_colors_k21116;
				SECTORDER_FLAGS = "";
				SYMROOT = "/Users/k21116kk/src/画像処理/imgProc_kadai/第２回/02_01_colors_k21116";
				SYSTEM_HEADER_SEARCH_PATHS = "/opt/homebrew/Cellar/opencv/4.5.5_1/include/opencv4 $(inherited)";
				USE_HEADERMAP = NO;
				WARNING_CFLAGS = "$(inherited)";
			};
			name = Release;
		};
		C0EB1AF7165A4D078796C2E8 /* MinSizeRel */ = {
			isa = XCBuildConfiguration;
			buildSettings = {
				ARCHS = arm64;
				SDKROOT = /Applications/Xcode.app/Contents/Developer/Platforms/MacOSX.platform/Developer/SDKs/MacOSX12.3.sdk;
				SYMROOT = "/Users/k21116kk/src/画像処理/imgProc_kadai/第２回/02_01_colors_k21116/build";
			};
			name = MinSizeRel;
		};
/* End XCBuildConfiguration section */

/* Begin XCConfigurationList section */
		1C701528658B46158EE2DB36 /* Build configuration list for PBXProject "02_01_colors_k21116" */ = {
			isa = XCConfigurationList;
			buildConfigurations = (
				4DD03B5D12744269BBAAABCB /* Debug */,
				378CDED904E7449E9AE21CD4 /* Release */,
				C0EB1AF7165A4D078796C2E8 /* MinSizeRel */,
				3128FD61BB684283B5DE182B /* RelWithDebInfo */,
			);
			defaultConfigurationIsVisible = 0;
			defaultConfigurationName = Debug;
		};
		EAC2F8B3A09B48AFA5A34319 /* Build configuration list for PBXNativeTarget "02_01_colors_k21116" */ = {
			isa = XCConfigurationList;
			buildConfigurations = (
				4536B2F8D0C245C59C5392BD /* Debug */,
				A86408E9C81E4F208A6FC230 /* Release */,
				11139CD4768C411692661454 /* MinSizeRel */,
				305F5B2BD7C04332969E3170 /* RelWithDebInfo */,
			);
			defaultConfigurationIsVisible = 0;
			defaultConfigurationName = Debug;
		};
/* End XCConfigurationList section */
	};
	rootObject = 6E30910B8C984BE3975CEA8E /* Project object */;
}
